version = 1
revision = 3
requires-python = ">=3.14.7, <3.15"

[[package]]
name = "argparse"
version = "1.4.0"
source = { registry = "https://pypi.org/simple" }
sdist = { url = "https://files.pythonhosted.org/packages/18/dd/e617cfc3f6210ae183374cd9f6a26b20514bbb5a792af97949c5aacddf0f/argparse-1.4.0.tar.gz", hash = "sha256:62b089a55be1d8949cd2bc7e0df0bddb9e028faefc8c32038cc84862aefdd6e4", size = 70508, upload-time = "2015-09-12T20:22:16.217Z" }
wheels = [
    { url = "https://files.pythonhosted.org/packages/f2/94/3af39d34be01a24a6e65433d19e107099374224905f1e0cc6bbe1fd22a2f/argparse-1.4.0-py2.py3-none-any.whl", hash = "sha256:c31647edb69fd3d465a847ea3157d37bed1f95f19760b11a47aa91c04b666314", size = 23000, upload-time = "2015-09-14T16:03:16.137Z" },
]

[[package]]
name = "backend"
version = "0.1.0"
source = { virtual = "." }
dependencies = [
    { name = "argparse" },
    { name = "duckdb" },
    { name = "numpy" },
    { name = "pandas" },
    { name = "pyarrow" },
    { name = "pyspark" },
    { name = "python-levenshtein" },
    { name = "ruff" },
    { name = "thefuzz" },
]

[package.metadata]
requires-dist = [
    { name = "argparse", specifier = ">=1.4.0" },
    { name = "duckdb", specifier = ">=1.5.5" },
    { name = "numpy", specifier = "==2.5.3" },
    { name = "pandas", specifier = ">=2.3.3,<3.0" },
    { name = "pyarrow", specifier = ">=25.0.1" },
    { name = "pyspark", specifier = "==4.2.0" },
    { name = "python-levenshtein", specifier = ">=0.27.5" },
    { name = "ruff", specifier = ">=0.16.7" },
    { name = "thefuzz", specifier = ">=0.22.1" },
]

[[package]]
name = "duckdb"
version = "1.5.5"
source = { registry = "https://pypi.org/simple" }
sdist = { url = "https://files.pythonhosted.org/packages/7d/19/e57151753576373c6696a12022648546cca6038e8833fda2908ee2342d9b/duckdb-1.5.5.tar.gz", hash = "sha256:72f33ee57ca7595b23957671a2cc7f7fe2be0ecc2d68f63abedcfcaa3a5c1238", size = 18066741, upload-time = "2026-07-22T10:55:17.819Z" }
wheels = [
    { url = "https://files.pythonhosted.org/packages/3e/56/12c65bfa2d2605b81981b264788891bcf11ec72227889554cead5d8d13b9/duckdb-1.5.5-cp314-cp314-macosx_10_15_universal2.whl", hash = "sha256:8e6413dd40facb7b8ab21bd844450cd8f549b29e138635be9cf090ef4d2049e2", size = 32761946, upload-time = "2026-07-22T10:54:53.412Z" },
    { url = "https://files.pythonhosted.org/packages/b9/46/682ce155f17e0d2822d4f13ee3db9ca4b5b7c2da61b841b2629035e1f4bc/duckdb-1.5.5-cp314-cp314-macosx_10_15_x86_64.whl", hash = "sha256:64078acfd16541132ac6e191eb81b2845554444a0305cc1aa581ba107e514aa8", size = 17375069, upload-time = "2026-07-22T10:54:57.269Z" },
    { url = "https://files.pythonhosted.org/packages/39/ce/a24bcbd3289c8f305a430759c5fc12242740b4af3e17f7593f3a34e333d2/duckdb-1.5.5-cp314-cp314-macosx_11_0_arm64.whl", hash = "sha256:8c11775cc99a447618d5f1840126db17f2652f3eae05529df4f81f40e2df7151", size = 15519791, upload-time = "2026-07-22T10:55:00.681Z" },
    { url = "https://files.pythonhosted.org/packages/d9/76/3a01afbc615c1d418c0de58a6b68ac5ce2a8563232c0464bfbc2ce552398/duckdb-1.5.5-cp314-cp314-manylinux_2_26_aarch64.manylinux_2_28_aarch64.whl", hash = "sha256:77bbc1e6ba12e1e06f9020117bdf848627ecfdf36f907550e62e008e6109dece", size = 19398251, upload-time = "2026-07-22T10:55:04.168Z" },
    { url = "https://files.pythonhosted.org/packages/a1/43/3a5e81d1728f4d234c79bfe385808ee7c04834f7c37a4b5c257459c25614/duckdb-1.5.5-cp314-cp314-manylinux_2_26_x86_64.manylinux_2_28_x86_64.whl", hash = "sha256:fbf0f2d48b43c6c304d00463b463c27ead6c4b01c3c1816b750f728decf71afe", size = 21513851, upload-time = "2026-07-22T10:55:07.864Z" },
    { url = "https://files.pythonhosted.org/packages/91/41/fc7c829172c60ca22485251eab285f4f1a0d87b486a024c726f21471d86e/duckdb-1.5.5-cp314-cp314-win_amd64.whl", hash = "sha256:9dc826c4b50e64f6c4e4d07a3a9cb075ef70ba3899dc43ec5493dc3d7b04b353", size = 13691858, upload-time = "2026-07-22T10:55:11.181Z" },
    { url = "https://files.pythonhosted.org/packages/e1/2c/95d9216b79e9273689d7ebce125a54503ed0c9bd7da931f0265888e99779/duckdb-1.5.5-cp314-cp314-win_arm64.whl", hash = "sha256:63e48d4b74b15aeacd688976432a7225163df8c226eddeb8536bba2d4d4ff433", size = 14470180, upload-time = "2026-07-22T10:55:14.445Z" },
]

[[package]]
name = "levenshtein"
version = "0.27.5"
source = { registry = "https://pypi.org/simple" }
dependencies = [
    { name = "rapidfuzz" },
]
sdist = { url = "https://files.pythonhosted.org/packages/81/ab/d55fdebfdee7605df174913708d44f75dfec0ec5e4e5fd8e978bb88897eb/levenshtein-0.27.5.tar.gz", hash = "sha256:22021caf5867a46fae5ab927bbdcb430599d7e5ee3898449cbbe430ff07b7d08", size = 402914, upload-time = "2026-09-12T20:07:19.049Z" }
wheels = [
    { url = "https://files.pythonhosted.org/packages/94/9f/d3abb0300fac032b55d49a05b7dc0da450024c0e7bd23c4890ae0e7a66e7/levenshtein-0.27.5-cp314-cp314-macosx_10_15_x86_64.whl", hash = "sha256:74e86be07b1f59d56b9a923767090534c083fbf5bd842e0fc8bee72632667e8b", size = 171421, upload-time = "2026-09-12T20:05:27.58Z" },
    { url = "https://files.pythonhosted.org/packages/4b/38/c354db50bb41747146d362ed7c4e9302d6d49dc94b91613cb30ded725f08/levenshtein-0.27.5-cp314-cp314-macosx_11_0_arm64.whl", hash = "sha256:1d945c3ce7c74fb1cff7aaf1207a8622877a184fac11720ae0a120d9ac9388bf", size = 158872, upload-time = "2026-09-12T20:05:29.189Z" },
    { url = "https://files.pythonhosted.org/packages/01/c9/8c8fa9a678a7557c6a5a46619ae8717a3814421853cd0bd8dc32f554a2af/levenshtein-0.27.5-cp314-cp314-manylinux_2_24_aarch64.manylinux_2_28_aarch64.whl", hash = "sha256:7555e16a37509fe1a0ad4841b621d07978de7ddc5b1e134449d2003cd7c1f3be", size = 135589, upload-time = "2026-09-12T20:05:31.208Z" },
    { url = "https://files.pythonhosted.org/packages/cf/72/4399e8c8760aedf42faf15d9c0075a7da07baeeb0248e47e2d3701b09a9a/levenshtein-0.27.5-cp314-cp314-manylinux_2_24_armv7l.manylinux_2_31_armv7l.whl", hash = "sha256:aa909d416800838bbce1eee06d156999bb2977a450ef2daca21bea2adfd56c82", size = 115566, upload-time = "2026-09-12T20:05:32.41Z" },
    { url = "https://files.pythonhosted.org/packages/dd/4e/3ce5a3fa6d1043208ae262e7ef9768b02db7d4a34dbe8eccf62ef32e8379/levenshtein-0.27.5-cp314-cp314-manylinux_2_24_x86_64.manylinux_2_28_x86_64.whl", hash = "sha256:301446589c1051f3ee6436830241d53f3989325f60cff26e4eb2d4c2814d292a", size = 157460, upload-time = "2026-09-12T20:05:33.795Z" },
    { url = "https://files.pythonhosted.org/packages/ba/d2/095f5af8a012933bbd5d00de23338ed0b6dbfe3c7cfabefd7617758c953d/levenshtein-0.27.5-cp314-cp314-musllinux_1_2_aarch64.whl", hash = "sha256:c16ad49d61d658be0b789e2b6b1496be441b69ae870a9e8322b2d98a9fb817e6", size = 1117369, upload-time = "2026-09-12T20:05:35.374Z" },
    { url = "https://files.pythonhosted.org/packages/68/ed/b35ea3a115d17ac1f8baa7eb308fb91afee31c29c30c281bd1347009715f/levenshtein-0.27.5-cp314-cp314-musllinux_1_2_armv7l.whl", hash = "sha256:df15b16f9a380bdc9e8e61a9c3f80f3670d48d52a0f6754de6919fcd19f1b374", size = 1010643, upload-time = "2026-09-12T20:05:41.773Z" },
    { url = "https://files.pythonhosted.org/packages/92/76/f6f845a4b024274e578c45c57176904349d3855f7c05606a17d5bbc9bd54/levenshtein-0.27.5-cp314-cp314-musllinux_1_2_x86_64.whl", hash = "sha256:d73fa713dd2337c164d7d079610393482bfc2606ec2ea6e6085907d4b7d00422", size = 1192105, upload-time = "2026-09-12T20:05:43.298Z" },
    { url = "https://files.pythonhosted.org/packages/09/f7/3916d1cf1c663e3d22a19535ac8c5c4fce0ec97426872e4f8cd60053baac/levenshtein-0.27.5-cp314-cp314-win32.whl", hash = "sha256:2704ac8ccb43bdc9bff8a078dee350d4ed1d3518823a9647b4799dc41ab2f33a", size = 282033, upload-time = "2026-09-12T20:05:45.802Z" },
    { url = "https://files.pythonhosted.org/packages/7c/59/d257ce6a543dca189004d54cd2eeb6451c8d41817066456488032ba99407/levenshtein-0.27.5-cp314-cp314-win_amd64.whl", hash = "sha256:7e9dad95b973310201d855387942492026d24e00ff17bfa401c281dead7c6f1a", size = 292003, upload-time = "2026-09-12T20:05:50.996Z" },
    { url = "https://files.pythonhosted.org/packages/30/2c/5baed28192ac79948434be76895e84cacc801f6f3f012c83119606ee19de/levenshtein-0.27.5-cp314-cp314-win_arm64.whl", hash = "sha256:99615b294f1e30b6a7961f6f48f4be67c86cf15645e253a80830a06905618162", size = 461829, upload-time = "2026-09-12T20:05:58.263Z" },
    { url = "https://files.pythonhosted.org/packages/cb/d9/e109e66df888f65b1d1e956c208c8d0a303004997e4cc28324e514223edb/levenshtein-0.27.5-cp314-cp314t-macosx_10_15_x86_64.whl", hash = "sha256:0db04fca19beb72378b4c0424db8552fced1f9ce371038644b4724137b6f2ae2", size = 173244, upload-time = "2026-09-12T20:05:59.909Z" },
    { url = "https://files.pythonhosted.org/packages/c8/52/021e23e27175c85065da6c784a1e93bb47f5cd7c87d8e8fe0d65a2371506/levenshtein-0.27.5-cp314-cp314t-macosx_11_0_arm64.whl", hash = "sha256:4bc69337f5ea1cc673e5e3a1caaff2b7058e8909715a1c11a1a2df30b1c725e7", size = 160779, upload-time = "2026-09-12T20:06:01.662Z" },
    { url = "https://files.pythonhosted.org/packages/bc/f8/af70db335455949bea24d829651ca36ac6d20e11df279fac8ee3a19ebe3c/levenshtein-0.27.5-cp314-cp314t-manylinux_2_24_aarch64.manylinux_2_28_aarch64.whl", hash = "sha256:d8a85f8bb5658a09b70b265dbca217c69b83ee12e3eb87f33eb8ca7740af0464", size = 135124, upload-time = "2026-09-12T20:06:03.104Z" },
    { url = "https://files.pythonhosted.org/packages/f4/a5/8b1a0186278b75b8bc7e9fa2f84a219007f0011bbf038ba4f8031b20f0f8/levenshtein-0.27.5-cp314-cp314t-manylinux_2_24_armv7l.manylinux_2_31_armv7l.whl", hash = "sha256:32293e6e981ceb045a50cf6eb89d3538452c34a098824f3b7e3ceba915799edc", size = 118405, upload-time = "2026-09-12T20:06:06.689Z" },
    { url = "https://files.pythonhosted.org/packages/6a/c8/d2893603e73b623d3367efe19b7e5341303e825a43c96660406c0560cd8f/levenshtein-0.27.5-cp314-cp314t-manylinux_2_24_x86_64.manylinux_2_28_x86_64.whl", hash = "sha256:ff7e3e6af9e9fe52a25d4235d981fe73ac363cf40642b7f6c0a0ae2bb23786d6", size = 155736, upload-time = "2026-09-12T20:06:08.01Z" },
    { url = "https://files.pythonhosted.org/packages/ed/e5/4b69254ffebc9c4beb3ccb327e87e09b3cbb5bc460eb142625c00e95686d/levenshtein-0.27.5-cp314-cp314t-musllinux_1_2_aarch64.whl", hash = "sha256:d9804f33f8e46ec2ea56dc8da164dd692b44e4342264dc2bf457d0be57016941", size = 1119099, upload-time = "2026-09-12T20:06:09.431Z" },
    { url = "https://files.pythonhosted.org/packages/c2/b0/49c7f6387aec4c84f85dbb75728d0d6bbdc2b00315d3580c7be9d26363be/levenshtein-0.27.5-cp314-cp314t-musllinux_1_2_armv7l.whl", hash = "sha256:d0e27923920a2b51a845fbd81040ad528114b746aed38cfb3686cae1b891f773", size = 1004538, upload-time = "2026-09-12T20:06:12.43Z" },
    { url = "https://files.pythonhosted.org/packages/54/72/c7677d7fcd9ce0e84488541e779d0be2929fb876a2e9d547013eee307d66/levenshtein-0.27.5-cp314-cp314t-musllinux_1_2_x86_64.whl", hash = "sha256:998fa2f7e96c842ca614224014d5def385165fe11958e4eecdbe8ef827f993ea", size = 1189954, upload-time = "2026-09-12T20:06:14.032Z" },
    { url = "https://files.pythonhosted.org/packages/20/bb/c06fa04e80f364964b71c71053ac187c4ab6715e9aa31c8dec5c9dd613be/levenshtein-0.27.5-cp314-cp314t-win32.whl", hash = "sha256:9a180be915c06910078477d4953dab61afa51f57efd17a81fd61e4d8993c2468", size = 284347, upload-time = "2026-09-12T20:06:17.647Z" },
    { url = "https://files.pythonhosted.org/packages/f9/4f/c65d585833bc3d8dcaacb27e67a794915003b4a93b3531635b1a8027df33/levenshtein-0.27.5-cp314-cp314t-win_amd64.whl", hash = "sha256:bf6c03da19e46a1639fa7660e36894413a16ea05eea599bd9866820a79d81332", size = 294429, upload-time = "2026-09-12T20:06:20.644Z" },
    { url = "https://files.pythonhosted.org/packages/85/e9/1d73696d07beead3e85b75421f943bb329bd062ee5e73e605e42a848bfaf/levenshtein-0.27.5-cp314-cp314t-win_arm64.whl", hash = "sha256:3fddea0f68b147497209d96e7a6546595155a36ec16aa0d0467db04e5d76c4d6", size = 463449, upload-time = "2026-09-12T20:06:22.125Z" },
]

[[package]]
name = "numpy"
version = "2.5.3"
source = { registry = "https://pypi.org/simple" }
sdist = { url = "https://files.pythonhosted.org/packages/13/01/11703282db468b85f6f7b8c7f22d058de5970d5c7e60a3a8aaa313c3de36/numpy-2.5.3.tar.gz", hash = "sha256:df2d5874ff183595a4ba404edd04f6bd9b5505c1d7708573f6a6c17489a67563", size = 20791231, upload-time = "2026-09-06T16:27:47.073Z" }
wheels = [
    { url = "https://files.pythonhosted.org/packages/70/78/cf416f15dc29375a229d9dfebf8db6e313f291580b39fa1a568b6052bb07/numpy-2.5.3-cp314-cp314-macosx_10_15_x86_64.whl", hash = "sha256:350ba9783ce969cf9f7ce6e6a9a58e1a6e2a19ca025b7ee448c4db727706212a", size = 16998686, upload-time = "2026-09-06T16:25:33.171Z" },
    { url = "https://files.pythonhosted.org/packages/9e/59/abcc2d8def4fd60eec7d87f92d27c13448ffd9ab14339bcc63a0d7a2fdea/numpy-2.5.3-cp314-cp314-macosx_11_0_arm64.whl", hash = "sha256:012e66aca395d795496446e52aeeb5866312a5d4d3f27da270e5a0b43f70dc5c", size = 12013862, upload-time = "2026-09-06T16:25:36.748Z" },
    { url = "https://files.pythonhosted.org/packages/94/75/4640d2d6e4b64a049e48425a82728a41ef4adb61332d2cba68055774878b/numpy-2.5.3-cp314-cp314-macosx_14_0_arm64.whl", hash = "sha256:adc1ada2662f8a5f960b8a10d9986897e7499ef07e06d4cfe7197f8cce923c07", size = 5449793, upload-time = "2026-09-06T16:25:39.476Z" },
    { url = "https://files.pythonhosted.org/packages/96/cd/625b57ae33d4ca560f32cc0b47b4a5922146d9beb998ddf773900d440a73/numpy-2.5.3-cp314-cp314-macosx_14_0_x86_64.whl", hash = "sha256:54a115e5a73b8fc44f0cebef486365a1894b5c9760685d4558b72b7c3eb846e0", size = 6785176, upload-time = "2026-09-06T16:25:42.069Z" },
    { url = "https://files.pythonhosted.org/packages/9c/72/12918652e7912ef9751e8694c88820fcd1908e0618cb23f5f3caa6004b7b/numpy-2.5.3-cp314-cp314-manylinux_2_27_aarch64.manylinux_2_28_aarch64.whl", hash = "sha256:be5a8381859b6da607c84f4f7d6847725f1cf1853ef8a2c9e115b7d58bef47dc", size = 15703377, upload-time = "2026-09-06T16:25:45.135Z" },
    { url = "https://files.pythonhosted.org/packages/45/8f/9beacf79ca7c650688ad0baa80931adb988fe6e6e5d5903c23cc3dbd70eb/numpy-2.5.3-cp314-cp314-manylinux_2_27_x86_64.manylinux_2_28_x86_64.whl", hash = "sha256:b0521d0f4aebb6e06189451025fa17a913287b13c03d5fe05c017333b654ea5b", size = 16711928, upload-time = "2026-09-06T16:25:48.461Z" },
    { url = "https://files.pythonhosted.org/packages/09/8d/41d0a56e1ac4c87495c897a211b1368691b7237aadabec8b3b8f3a74d48f/numpy-2.5.3-cp314-cp314-musllinux_1_2_aarch64.whl", hash = "sha256:9deb49575e5b0b94ed72c8a64ec4d033381adc27e9060ae842971f697ba96104", size = 17059507, upload-time = "2026-09-06T16:25:51.873Z" },
    { url = "https://files.pythonhosted.org/packages/08/1e/0dfbc5cc251d54e2af790f254d24ec38637fa97ec7d5d11de7ffed787098/numpy-2.5.3-cp314-cp314-musllinux_1_2_x86_64.whl", hash = "sha256:b00eefbcf0f292945c4b4dec2ae845389ef5bcdcd596e6e4328051db5b5ba694", size = 18471002, upload-time = "2026-09-06T16:25:55.233Z" },
    { url = "https://files.pythonhosted.org/packages/b5/2c/dfa40f6991f8185c8c30ffd023dfcbb11888e823cfab9557b920f3bb7bed/numpy-2.5.3-cp314-cp314-win32.whl", hash = "sha256:c2381f82999704f818e2c987a865050e285ec3621262c66d40f5a96c8f899f8e", size = 6180485, upload-time = "2026-09-06T16:25:58.157Z" },
    { url = "https://files.pythonhosted.org/packages/a4/73/d2c08231e4fde7e415501fd02c715d96e98599b2d8384445933944152984/numpy-2.5.3-cp314-cp314-win_amd64.whl", hash = "sha256:2c25dfa72943e4336ddb6b0ee4277b47a0c85bede0807530ec68103bf58e2c10", size = 12698179, upload-time = "2026-09-06T16:26:00.789Z" },
    { url = "https://files.pythonhosted.org/packages/5c/e9/dcdcc9b95cf5f49815055573aee1b11cfbf5299f38a180e437ded050810f/numpy-2.5.3-cp314-cp314-win_arm64.whl", hash = "sha256:15aa985ac73a8db02db7663381aa109510449d3819d37206caed27b33a65a8a6", size = 10769383, upload-time = "2026-09-06T16:26:04.011Z" },
    { url = "https://files.pythonhosted.org/packages/49/c4/af8bc08a7ef4e1529a7c0cf24969accce316b783999802089a581ec99272/numpy-2.5.3-cp314-cp314t-macosx_11_0_arm64.whl", hash = "sha256:ac7bb1c52d445bd4f8f7f97fefe6abc3a084dc4d63df50d79b17fa2b78e89297", size = 12132668, upload-time = "2026-09-06T16:26:07.138Z" },
    { url = "https://files.pythonhosted.org/packages/c5/ae/0f15eb56d4ec5e13c1f7ff04ff407f997d1acbadb45d3e1f2e2645a8f43c/numpy-2.5.3-cp314-cp314t-macosx_14_0_arm64.whl", hash = "sha256:e6ab667ba76450084eb64013762c438ea76d9d29cc676dcd6c2e9892ba37f841", size = 5568580, upload-time = "2026-09-06T16:26:09.828Z" },
    { url = "https://files.pythonhosted.org/packages/23/fb/c72a8f25d4b6e96c354e7ab45ace3b27dc11e5d6a13b6c7d0cd6b08bf112/numpy-2.5.3-cp314-cp314t-macosx_14_0_x86_64.whl", hash = "sha256:f7fabeb6cea87d65f3b926de33d03fb016cfdc29314c90974383b5582ae72891", size = 6882634, upload-time = "2026-09-06T16:26:12.524Z" },
    { url = "https://files.pythonhosted.org/packages/07/a9/968c90ed2ab15060c338e8137f1215b5a60756ae07328e0a60d1c6734df4/numpy-2.5.3-cp314-cp314t-manylinux_2_27_aarch64.manylinux_2_28_aarch64.whl", hash = "sha256:1fb6f8fb9ff0b3a69f52c66ce397b0246583e9f28616231b0e32ca49259a5fa6", size = 15748923, upload-time = "2026-09-06T16:26:15.092Z" },
    { url = "https://files.pythonhosted.org/packages/59/08/9df04103947b95e3b6b1f2ed1a70521f325647a31b82da6a2aae3a485508/numpy-2.5.3-cp314-cp314t-manylinux_2_27_x86_64.manylinux_2_28_x86_64.whl", hash = "sha256:93e1f5447e2b1e479d7bd74701e84746b86450cff1fc368b132d195e2b8f8211", size = 16746748, upload-time = "2026-09-06T16:26:18.43Z" },
    { url = "https://files.pythonhosted.org/packages/41/a0/14c8d5fe5b53a334aabb653deb391c0fef49558f491880ea300ed6785224/numpy-2.5.3-cp314-cp314t-musllinux_1_2_aarch64.whl", hash = "sha256:c00abe94c1a69d75d827dcf1c025b25c8a45d230b3bcd77a9020883a1b047653", size = 17111561, upload-time = "2026-09-06T16:26:22.113Z" },
    { url = "https://files.pythonhosted.org/packages/c4/a6/d7e96e42f01522e154c32489640f16dfc4f6181d165d05fc3bec8c2c4999/numpy-2.5.3-cp314-cp314t-musllinux_1_2_x86_64.whl", hash = "sha256:536f963710a4e63934d80ac0dc4f478804a83e9a84b6828018f25d09953ada33", size = 18513945, upload-time = "2026-09-06T16:26:25.401Z" },
    { url = "https://files.pythonhosted.org/packages/25/39/3453afb7119d0449ef11c886874120ff180e2c337760e0e2d88f70f1a945/numpy-2.5.3-cp314-cp314t-win32.whl", hash = "sha256:4c8a6d2ebce6305fd82fbefca827775437147052a976ee7c94b36a0c1b52ac6c", size = 6335421, upload-time = "2026-09-06T16:26:28.175Z" },
    { url = "https://files.pythonhosted.org/packages/99/01/22815d2b19a1a746b1d45205cffebb3fe511a18acb75fba6c88491fc9894/numpy-2.5.3-cp314-cp314t-win_amd64.whl", hash = "sha256:9a37475425b431b4d060f23b4f52cd2f3aef6bc7c654bd760adf0040eec9d435", size = 12896420, upload-time = "2026-09-06T16:26:31.265Z" },
    { url = "https://files.pythonhosted.org/packages/fa/ee/a7cbba67eeaff038dc29ca8b98a88396c8b0cc9c89d4924f4a27a5c9150b/numpy-2.5.3-cp314-cp314t-win_arm64.whl", hash = "sha256:2d8240cb4c16fd831074aa2b2cf9fc54664d826341d61c372245b96a74a49a9a", size = 10857177, upload-time = "2026-09-06T16:26:34.167Z" },
]

[[package]]
name = "pandas"
version = "2.3.3"
source = { registry = "https://pypi.org/simple" }
dependencies = [
    { name = "numpy" },
    { name = "python-dateutil" },
    { name = "pytz" },
    { name = "tzdata" },
]
sdist = { url = "https://files.pythonhosted.org/packages/33/01/d40b85317f86cf08d853a4f495195c73815fdf205eef3993821720274518/pandas-2.3.3.tar.gz", hash = "sha256:e05e1af93b977f7eafa636d043f9f94c7ee3ac81af99c13508215942e64c993b", size = 4495223, upload-time = "2025-09-29T23:34:51.853Z" }
wheels = [
    { url = "https://files.pythonhosted.org/packages/04/fd/74903979833db8390b73b3a8a7d30d146d710bd32703724dd9083950386f/pandas-2.3.3-cp314-cp314-macosx_10_13_x86_64.whl", hash = "sha256:ee15f284898e7b246df8087fc82b87b01686f98ee67d85a17b7ab44143a3a9a0", size = 11540635, upload-time = "2025-09-29T23:25:52.486Z" },
    { url = "https://files.pythonhosted.org/packages/21/00/266d6b357ad5e6d3ad55093a7e8efc7dd245f5a842b584db9f30b0f0a287/pandas-2.3.3-cp314-cp314-macosx_11_0_arm64.whl", hash = "sha256:1611aedd912e1ff81ff41c745822980c49ce4a7907537be8692c8dbc31924593", size = 10759079, upload-time = "2025-09-29T23:26:33.204Z" },
    { url = "https://files.pythonhosted.org/packages/ca/05/d01ef80a7a3a12b2f8bbf16daba1e17c98a2f039cbc8e2f77a2c5a63d382/pandas-2.3.3-cp314-cp314-manylinux_2_24_aarch64.manylinux_2_28_aarch64.whl", hash = "sha256:6d2cefc361461662ac48810cb14365a365ce864afe85ef1f447ff5a1e99ea81c", size = 11814049, upload-time = "2025-09-29T23:27:15.384Z" },
    { url = "https://files.pythonhosted.org/packages/15/b2/0e62f78c0c5ba7e3d2c5945a82456f4fac76c480940f805e0b97fcbc2f65/pandas-2.3.3-cp314-cp314-manylinux_2_24_x86_64.manylinux_2_28_x86_64.whl", hash = "sha256:ee67acbbf05014ea6c763beb097e03cd629961c8a632075eeb34247120abcb4b", size = 12332638, upload-time = "2025-09-29T23:27:51.625Z" },
    { url = "https://files.pythonhosted.org/packages/c5/33/dd70400631b62b9b29c3c93d2feee1d0964dc2bae2e5ad7a6c73a7f25325/pandas-2.3.3-cp314-cp314-musllinux_1_2_aarch64.whl", hash = "sha256:c46467899aaa4da076d5abc11084634e2d197e9460643dd455ac3db5856b24d6", size = 12886834, upload-time = "2025-09-29T23:28:21.289Z" },
    { url = "https://files.pythonhosted.org/packages/d3/18/b5d48f55821228d0d2692b34fd5034bb185e854bdb592e9c640f6290e012/pandas-2.3.3-cp314-cp314-musllinux_1_2_x86_64.whl", hash = "sha256:6253c72c6a1d990a410bc7de641d34053364ef8bcd3126f7e7450125887dffe3", size = 13409925, upload-time = "2025-09-29T23:28:58.261Z" },
    { url = "https://files.pythonhosted.org/packages/a6/3d/124ac75fcd0ecc09b8fdccb0246ef65e35b012030defb0e0eba2cbbbe948/pandas-2.3.3-cp314-cp314-win_amd64.whl", hash = "sha256:1b07204a219b3b7350abaae088f451860223a52cfb8a6c53358e7948735158e5", size = 11109071, upload-time = "2025-09-29T23:32:27.484Z" },
    { url = "https://files.pythonhosted.org/packages/89/9c/0e21c895c38a157e0faa1fb64587a9226d6dd46452cac4532d80c3c4a244/pandas-2.3.3-cp314-cp314t-macosx_10_13_x86_64.whl", hash = "sha256:2462b1a365b6109d275250baaae7b760fd25c726aaca0054649286bcfbb3e8ec", size = 12048504, upload-time = "2025-09-29T23:29:31.47Z" },
    { url = "https://files.pythonhosted.org/packages/d7/82/b69a1c95df796858777b68fbe6a81d37443a33319761d7c652ce77797475/pandas-2.3.3-cp314-cp314t-macosx_11_0_arm64.whl", hash = "sha256:0242fe9a49aa8b4d78a4fa03acb397a58833ef6199e9aa40a95f027bb3a1b6e7", size = 11410702, upload-time = "2025-09-29T23:29:54.591Z" },
    { url = "https://files.pythonhosted.org/packages/f9/88/702bde3ba0a94b8c73a0181e05144b10f13f29ebfc2150c3a79062a8195d/pandas-2.3.3-cp314-cp314t-manylinux_2_24_aarch64.manylinux_2_28_aarch64.whl", hash = "sha256:a21d830e78df0a515db2b3d2f5570610f5e6bd2e27749770e8bb7b524b89b450", size = 11634535, upload-time = "2025-09-29T23:30:21.003Z" },
    { url = "https://files.pythonhosted.org/packages/a4/1e/1bac1a839d12e6a82ec6cb40cda2edde64a2013a66963293696bbf31fbbb/pandas-2.3.3-cp314-cp314t-manylinux_2_24_x86_64.manylinux_2_28_x86_64.whl", hash = "sha256:2e3ebdb170b5ef78f19bfb71b0dc5dc58775032361fa188e814959b74d726dd5", size = 12121582, upload-time = "2025-09-29T23:30:43.391Z" },
    { url = "https://files.pythonhosted.org/packages/44/91/483de934193e12a3b1d6ae7c8645d083ff88dec75f46e827562f1e4b4da6/pandas-2.3.3-cp314-cp314t-musllinux_1_2_aarch64.whl", hash = "sha256:d051c0e065b94b7a3cea50eb1ec32e912cd96dba41647eb24104b6c6c14c5788", size = 12699963, upload-time = "2025-09-29T23:31:10.009Z" },
    { url = "https://files.pythonhosted.org/packages/70/44/5191d2e4026f86a2a109053e194d3ba7a31a2d10a9c2348368c63ed4e85a/pandas-2.3.3-cp314-cp314t-musllinux_1_2_x86_64.whl", hash = "sha256:3869faf4bd07b3b66a9f462417d0ca3a9df29a9f6abd5d0d0dbab15dac7abe87", size = 13202175, upload-time = "2025-09-29T23:31:59.173Z" },
]

[[package]]
name = "py4j"
version = "0.10.9.9"
source = { registry = "https://pypi.org/simple" }
sdist = { url = "https://files.pythonhosted.org/packages/38/31/0b210511177070c8d5d3059556194352e5753602fa64b85b7ab81ec1a009/py4j-0.10.9.9.tar.gz", hash = "sha256:f694cad19efa5bd1dee4f3e5270eb406613c974394035e5bfc4ec1aba870b879", size = 761089, upload-time = "2025-01-15T03:53:18.624Z" }
wheels = [
    { url = "https://files.pythonhosted.org/packages/bd/db/ea0203e495be491c85af87b66e37acfd3bf756fd985f87e46fc5e3bf022c/py4j-0.10.9.9-py2.py3-none-any.whl", hash = "sha256:c7c26e4158defb37b0bb124933163641a2ff6e3a3913f7811b0ddbe07ed61533", size = 203008, upload-time = "2025-01-15T03:53:15.648Z" },
]

[[package]]
name = "pyarrow"
version = "25.0.1"
source = { registry = "https://pypi.org/simple" }
sdist = { url = "https://files.pythonhosted.org/packages/3d/e3/27f57f80141379d60defe6703eb50a707325706f07fedfd1312c7a751995/pyarrow-25.0.1.tar.gz", hash = "sha256:9150a83248bfed9813ea3c3af74c3856c1984d444aa28e58bf7733b9750ddf6a", size = 1201653, upload-time = "2026-08-10T12:40:53.904Z" }
wheels = [
    { url = "https://files.pythonhosted.org/packages/36/4c/b525824ad3094076919273cd97db61fb3d78252dee76fa3b8dc8f76774aa/pyarrow-25.0.1-cp314-cp314-macosx_12_0_arm64.whl", hash = "sha256:bf0b672390cdcb640d7288f96b826d71ff4e9abb254a86c89890baf51a29cee6", size = 35885255, upload-time = "2026-08-10T12:39:32.366Z" },
    { url = "https://files.pythonhosted.org/packages/08/62/448bb0e940de41aec31d1a956e63ad9c54afdf122a103cc3ab20c2a3ce33/pyarrow-25.0.1-cp314-cp314-macosx_12_0_x86_64.whl", hash = "sha256:38a9a4b4b9613380e200641891495a56c3d5a98a092db4a870af9975e220471d", size = 37644461, upload-time = "2026-08-10T12:39:38.142Z" },
    { url = "https://files.pythonhosted.org/packages/6e/9a/13587e38bd4806fd218f50fd13b8903fab60588a699ff0c406372e5b4043/pyarrow-25.0.1-cp314-cp314-manylinux_2_28_aarch64.whl", hash = "sha256:0b726ad7e7b669be982b0c71c07fe4b037d654354130da79a7902a669e93a66b", size = 46877146, upload-time = "2026-08-10T12:39:43.722Z" },
    { url = "https://files.pythonhosted.org/packages/8d/61/1c5d1229fa21da4cff5365e41e57177aaac57c563c727f35419b8513d1c1/pyarrow-25.0.1-cp314-cp314-manylinux_2_28_x86_64.whl", hash = "sha256:9171748cdf796972d85a4b60157c279913e242992e350c90c7450182a9838b2a", size = 50131616, upload-time = "2026-08-10T12:39:49.304Z" },
    { url = "https://files.pythonhosted.org/packages/43/20/291e1d65cc0b09aa19f03cf25cf51a2f5fa94b5db315178f2d254ed5cad4/pyarrow-25.0.1-cp314-cp314-musllinux_1_2_aarch64.whl", hash = "sha256:b7a296aac7a71fa0886c08e155ddb6c636a50013f801f6178daafa0f9e726188", size = 50008879, upload-time = "2026-08-10T12:39:56.891Z" },
    { url = "https://files.pythonhosted.org/packages/8b/7c/1b7c9ec28e76576337e4f97b31141c9a181b89b6d1d6221e9d8205621a58/pyarrow-25.0.1-cp314-cp314-musllinux_1_2_x86_64.whl", hash = "sha256:0fe7c8b6c03969b49c8c66182e4a18e3819ab92d07cfab5d8370c531b9369ef0", size = 53170864, upload-time = "2026-08-10T12:40:04.918Z" },
    { url = "https://files.pythonhosted.org/packages/b7/75/f3d789dc06011a765d14d86bda799cf72ac1d715b6a6edecaa0d73d95062/pyarrow-25.0.1-cp314-cp314-win_amd64.whl", hash = "sha256:f729cfdbd36fd99d543b67a914d2de044c84ebe45be8b34902b299b608c15c8f", size = 28620729, upload-time = "2026-08-10T12:40:51.41Z" },
    { url = "https://files.pythonhosted.org/packages/fc/05/647a8ee6f7c2662feb6921315617bc04dcd6034763fb61b1199720bf6162/pyarrow-25.0.1-cp314-cp314t-macosx_12_0_arm64.whl", hash = "sha256:59a2de54c0cbd954da861eee4d1d330f8e909c45b53455baef696380f2c55033", size = 36130288, upload-time = "2026-08-10T12:40:11.014Z" },
    { url = "https://files.pythonhosted.org/packages/93/f8/c9ee997554d7bea94520667dd1933f109ac1da3ee3556d2b49381e023484/pyarrow-25.0.1-cp314-cp314t-macosx_12_0_x86_64.whl", hash = "sha256:35935cd5de130aa5cf4dea052a63e6bf2e17006c35c3a468194242b9b2bf5956", size = 37762187, upload-time = "2026-08-10T12:40:16.592Z" },
    { url = "https://files.pythonhosted.org/packages/a2/08/a28c01c7fe9e96e8233ce2d13df1d402f4f999f848f51d2daacd6bb4c036/pyarrow-25.0.1-cp314-cp314t-manylinux_2_28_aarch64.whl", hash = "sha256:f3831aaa25c67a99f99dc8b05873cb9d64560390372e2aa197ce9dd4a3f06a44", size = 46888003, upload-time = "2026-08-10T12:40:23.242Z" },
    { url = "https://files.pythonhosted.org/packages/1b/b9/58612e977d28dc58c878448866838369ee8da2f1e7cc8ed2c84b952aafee/pyarrow-25.0.1-cp314-cp314t-manylinux_2_28_x86_64.whl", hash = "sha256:6a1fdfc6659b6b19022f2e50627fb5cf7156a66c46bf4299379955cbe742382a", size = 50079036, upload-time = "2026-08-10T12:40:29.169Z" },
    { url = "https://files.pythonhosted.org/packages/72/13/66e1402dcc860e1dc2760b1e0292c9a569b62b3bccab69def1b3e907d006/pyarrow-25.0.1-cp314-cp314t-musllinux_1_2_aarch64.whl", hash = "sha256:169d3429d5be7c752125890620f75a60776d38b0035eddae939651640822332e", size = 50040226, upload-time = "2026-08-10T12:40:35.186Z" },
    { url = "https://files.pythonhosted.org/packages/78/10/3f1a5497a7ef732ab0f03ecca3e66d89d9c0f57fdc61b4794c456b781f01/pyarrow-25.0.1-cp314-cp314t-musllinux_1_2_x86_64.whl", hash = "sha256:119297a6dc197e45d9c6d4415f7814a67ffa36c180d26f68c154c58067ae782d", size = 53149035, upload-time = "2026-08-10T12:40:41.454Z" },
    { url = "https://files.pythonhosted.org/packages/93/c0/37d4a7e8e2f7a6076283673d5298018ca26478b934c6ee369e10505ab32c/pyarrow-25.0.1-cp314-cp314t-win_amd64.whl", hash = "sha256:4288f27577352d608ca08553b0865e4a9b3aa14820c5d95b53337218d609835b", size = 28753071, upload-time = "2026-08-10T12:40:46.623Z" },
]

[[package]]
name = "pyspark"
version = "4.2.0"
source = { registry = "https://pypi.org/simple" }
dependencies = [
    { name = "py4j" },
]
sdist = { url = "https://files.pythonhosted.org/packages/c3/33/c987434f5d50aa802779a004ca0fd45ee4350caab50554ad7283d5a22b50/pyspark-4.2.0.tar.gz", hash = "sha256:5ad689d53570ee1674193fd4f9bda065f0db3be9363a27d2a3406cc457b70b61", size = 450129423, upload-time = "2026-07-14T22:16:46Z" }

[[package]]
name = "python-dateutil"
version = "2.9.0.post0"
source = { registry = "https://pypi.org/simple" }
dependencies = [
    { name = "six" },
]
sdist = { url = "https://files.pythonhosted.org/packages/66/c0/0c8b6ad9f17a802ee498c46e004a0eb49bc148f2fd230864601a86dcf6db/python-dateutil-2.9.0.post0.tar.gz", hash = "sha256:37dd54208da7e1cd875388217d5e00ebd4179249f90fb72437e91a35459a0ad3", size = 342432, upload-time = "2024-03-01T18:36:20.211Z" }
wheels = [
    { url = "https://files.pythonhosted.org/packages/ec/57/56b9bcc3c9c6a792fcbaf139543cee77261f3651ca9da0c93f5c1221264b/python_dateutil-2.9.0.post0-py2.py3-none-any.whl", hash = "sha256:a8b2bc7bffae282281c8140a97d3aa9c14da0b136dfe83f850eea9a5f7470427", size = 229892, upload-time = "2024-03-01T18:36:18.57Z" },
]

[[package]]
name = "python-levenshtein"
version = "0.27.5"
source = { registry = "https://pypi.org/simple" }
dependencies = [
    { name = "levenshtein" },
]
sdist = { url = "https://files.pythonhosted.org/packages/cb/58/6e554f8a0a36f8a5bb6f3d186d42af46ccc7af275dc467ac55f4269d04fa/python_levenshtein-0.27.5.tar.gz", hash = "sha256:b01ad92a8e775bae997b60758fb7acc65c8bbd3f77892190616ddc86073c10bd", size = 9374, upload-time = "2026-09-12T20:22:47.226Z" }
wheels = [
    { url = "https://files.pythonhosted.org/packages/4a/2c/9bcea060eb5231d33ca753e6e6a7c2fa42cbfd068a1cbb46f8b1f62d9d14/python_levenshtein-0.27.5-py3-none-any.whl", hash = "sha256:da716ff072204e2a6432c68bd9ff92c3e7f1202e4a908640717f191dbb482693", size = 9503, upload-time = "2026-09-12T20:22:46.41Z" },
]

[[package]]
name = "pytz"
version = "2026.3.post1"
source = { registry = "https://pypi.org/simple" }
sdist = { url = "https://files.pythonhosted.org/packages/fb/48/fb042503b6ca6cd271261dc559fd6432f7d8c713153e9ec5c591af4dfc1c/pytz-2026.3.post1.tar.gz", hash = "sha256:2211d3fcf9a797d3405cac96ac7f61d80e6a644f72a3309607282fe8a2010c5d", size = 319745, upload-time = "2026-07-25T15:12:07.385Z" }
wheels = [
    { url = "https://files.pythonhosted.org/packages/0f/7b/39c34ca613b0b198cb866466651b26b045e2009864c5183c979a3b83f383/pytz-2026.3.post1-py2.py3-none-any.whl", hash = "sha256:dd95840dd199baea12d9cc096a1d452caa6596a1c1e4b5f3dbd1541855d5e815", size = 508283, upload-time = "2026-07-25T15:12:05.782Z" },
]

[[package]]
name = "rapidfuzz"
version = "3.14.6"
source = { registry = "https://pypi.org/simple" }
sdist = { url = "https://files.pythonhosted.org/packages/18/97/226c43b7b5d957bc3840ed52ea99eed261f99834c4619be7a4742cbaeafa/rapidfuzz-3.14.6.tar.gz", hash = "sha256:e13a8160d017b499ec7a2fa9d0ce1ae2e7377080815785819f966fb235d4eb60", size = 57955060, upload-time = "2026-08-30T21:45:51.097Z" }
wheels = [
    { url = "https://files.pythonhosted.org/packages/67/9e/8f862d2c8d80ee02633f1c9ce3e5121ce955e61efae24a61a05dd8a55fef/rapidfuzz-3.14.6-cp314-cp314-macosx_10_15_x86_64.whl", hash = "sha256:0f8d6718e7edacdb16455c0472e7552fd518decb91e91250c58784fd6163f54f", size = 1964420, upload-time = "2026-08-30T21:43:26.328Z" },
    { url = "https://files.pythonhosted.org/packages/3e/28/282e8c76b7dcc91e8f5aa1a594168d2136639f29dfda11384c6d36aabca0/rapidfuzz-3.14.6-cp314-cp314-macosx_11_0_arm64.whl", hash = "sha256:8fa7d45388dec34a86038f2a38380f4922b74b5dd8991247f629a531178db10f", size = 1246072, upload-time = "2026-08-30T21:43:28.475Z" },
    { url = "https://files.pythonhosted.org/packages/4b/ae/8e0f714c55180667d66346e46a3d680dd9809bcee1c5f03557a58b4f2ef6/rapidfuzz-3.14.6-cp314-cp314-manylinux_2_26_aarch64.manylinux_2_28_aarch64.whl", hash = "sha256:760ee152af5e8b4d241a469f933ba2d7215248618ae19770fec7d80d9e149db6", size = 1381829, upload-time = "2026-08-30T21:43:30.67Z" },
    { url = "https://files.pythonhosted.org/packages/eb/9a/4a106d68033a81c24ab71129e3016cc6a27a668f30f436e729cae79048e5/rapidfuzz-3.14.6-cp314-cp314-manylinux_2_26_ppc64le.manylinux_2_28_ppc64le.whl", hash = "sha256:dbe3378db3ae0453accf6196e2ed943f43d416cfacdcb8883db105bc14a0130f", size = 1676195, upload-time = "2026-08-30T21:43:32.862Z" },
    { url = "https://files.pythonhosted.org/packages/6e/f0/b456a74d8e33051b76b3f156cf4d55f717614d68b44b6312ae1f5d85b31d/rapidfuzz-3.14.6-cp314-cp314-manylinux_2_26_s390x.manylinux_2_28_s390x.whl", hash = "sha256:9ddb0ddf3ee616fdc066add4ef05639c5cf59b58d83779b6023488e5435f6191", size = 2714364, upload-time = "2026-08-30T21:43:35.003Z" },
    { url = "https://files.pythonhosted.org/packages/6d/56/1203b46cedefc3f0c16e10d87123fdd4ec0f2e209f65cd2bf221ec669217/rapidfuzz-3.14.6-cp314-cp314-manylinux_2_27_x86_64.manylinux_2_28_x86_64.whl", hash = "sha256:08bc63b88048376114d1e66cf8fa6926495d03bb873eb87854fa74cf6848a70b", size = 3167618, upload-time = "2026-08-30T21:43:37.625Z" },
    { url = "https://files.pythonhosted.org/packages/57/17/fa4a0853979b885ff27488d9b80e7c5c985dfed74c5021ea95a3b54ddfad/rapidfuzz-3.14.6-cp314-cp314-manylinux_2_39_riscv64.whl", hash = "sha256:50cd6718bcda7ec5293635a9d0b3fb5906251013d3b99ca403ba9dfa8965f661", size = 1471360, upload-time = "2026-08-30T21:43:39.852Z" },
    { url = "https://files.pythonhosted.org/packages/7d/f2/757615ab88f7922b4477f9c93356c4512d744ea042e3e2b41554aab5ec1e/rapidfuzz-3.14.6-cp314-cp314-musllinux_1_2_aarch64.whl", hash = "sha256:63b0e84faec3c5706cae8ae51246ff103407d54efa32a615a548b7b67392ebcf", size = 2403946, upload-time = "2026-08-30T21:43:42.038Z" },
    { url = "https://files.pythonhosted.org/packages/8f/c3/1c2670ff528f7e625d7b552e7ebccd5c4dfdcb84dc08ee85d1bcc0cf1465/rapidfuzz-3.14.6-cp314-cp314-musllinux_1_2_ppc64le.whl", hash = "sha256:9080a730fdcf3cb8a07464c90f9cf40c1b4ffc73a8375b56a8898aba619dda30", size = 2793123, upload-time = "2026-08-30T21:43:44.438Z" },
    { url = "https://files.pythonhosted.org/packages/5d/92/a01444687bb9a5a2679aa71325c227760e9c475cd02054b45fd8b219cb0c/rapidfuzz-3.14.6-cp314-cp314-musllinux_1_2_riscv64.whl", hash = "sha256:178557c7a50c8c8d65369ede7f3d845bf23590a951c9a368caf166b105d58cf3", size = 2507361, upload-time = "2026-08-30T21:43:46.568Z" },
    { url = "https://files.pythonhosted.org/packages/98/90/43d80ba73fd297c744f7fe0a949af2a610b4b9be96688799c3e73d002b13/rapidfuzz-3.14.6-cp314-cp314-musllinux_1_2_s390x.whl", hash = "sha256:44f1cddbc2010700e2d88063d0ab64183efe2578d9b52770ce1cd283dda230c5", size = 3304287, upload-time = "2026-08-30T21:43:48.966Z" },
    { url = "https://files.pythonhosted.org/packages/5d/e9/fd9a160699b72b6857551642fe109a1d0a86b06b7ecc0d2b4bbecbc6b61b/rapidfuzz-3.14.6-cp314-cp314-musllinux_1_2_x86_64.whl", hash = "sha256:17081a0e904c12bb4ed49619a2bbb6528f6af00fe850e7ace22487bfd2aea455", size = 4273338, upload-time = "2026-08-30T21:43:51.574Z" },
    { url = "https://files.pythonhosted.org/packages/d0/72/3bc42217fadd07ea0ff9d249cc8001d6f285197c253db95d3a03aac8c254/rapidfuzz-3.14.6-cp314-cp314-win32.whl", hash = "sha256:9e00c8c9500aacbc0c52b66369f54533ecbdcb92e5aa87e160fc8e293000a696", size = 1927357, upload-time = "2026-08-30T21:43:53.851Z" },
    { url = "https://files.pythonhosted.org/packages/57/8d/3ea3bf93a2f22858e1b1298126db35cbf58592d05571ca757f2f16071b17/rapidfuzz-3.14.6-cp314-cp314-win_amd64.whl", hash = "sha256:41ee893c4d7d0fb1844f6cad966540a833784b3bad2c239a0d80195d9231cef4", size = 1783090, upload-time = "2026-08-30T21:43:56.202Z" },
    { url = "https://files.pythonhosted.org/packages/13/17/4add9d94236b37b6f857a3bf34d696b32304e3debc6830584fda95413ac6/rapidfuzz-3.14.6-cp314-cp314-win_arm64.whl", hash = "sha256:10576c39fe6a49fad0bf1069371a77300ce166a3f36d2900d2d0bae08f297104", size = 1221915, upload-time = "2026-08-30T21:43:58.335Z" },
    { url = "https://files.pythonhosted.org/packages/23/a4/af0509bffac37645841e2a6b55a4c6c46f7b2fc0757610b0cba0cbcfa900/rapidfuzz-3.14.6-cp314-cp314t-macosx_10_15_x86_64.whl", hash = "sha256:1b0a9546a7328d3cfc2f1385501db7c4c374fb566dc1a3b22ad56092846c0134", size = 1994141, upload-time = "2026-08-30T21:44:00.931Z" },
    { url = "https://files.pythonhosted.org/packages/67/da/d46da45e393937509111d4affa4db794fb064341735cfdcffe1f5f13a78a/rapidfuzz-3.14.6-cp314-cp314t-macosx_11_0_arm64.whl", hash = "sha256:9989280902b9c4ecf7de95fbb906e94df0d8c047290ed315c7aa1760cec9b3de", size = 1279969, upload-time = "2026-08-30T21:44:03.253Z" },
    { url = "https://files.pythonhosted.org/packages/4a/8a/1db5582d5c9684c57b1e292dc88d70177233b570e684fe30736140697658/rapidfuzz-3.14.6-cp314-cp314t-manylinux_2_26_aarch64.manylinux_2_28_aarch64.whl", hash = "sha256:fc166efa4ca2fc9cc52e43784a54cbea95fc0e03e533f8266ef66b1c04c7cb76", size = 1381099, upload-time = "2026-08-30T21:44:05.402Z" },
    { url = "https://files.pythonhosted.org/packages/06/9b/a9dba69d174b4436c115fcd877a67745d355a859109e0f59955c14577519/rapidfuzz-3.14.6-cp314-cp314t-manylinux_2_26_ppc64le.manylinux_2_28_ppc64le.whl", hash = "sha256:32352a3ed1aad9c097d31fd4f2eece3030169e2de3dedde7a2fadc2652b768ad", size = 1638869, upload-time = "2026-08-30T21:44:07.51Z" },
    { url = "https://files.pythonhosted.org/packages/61/34/67915218f5f84ec2cda57560d81425929b8ea97956eb31283bf95768fefc/rapidfuzz-3.14.6-cp314-cp314t-manylinux_2_26_s390x.manylinux_2_28_s390x.whl", hash = "sha256:ecb45d616002751b58914d5b7c2e66acd39e12242be12717a1258148a1b36526", size = 2687831, upload-time = "2026-08-30T21:44:09.709Z" },
    { url = "https://files.pythonhosted.org/packages/5e/80/07985e10b534dbdd48df0ddf2e42f9d27cf98dc44e09fe047fc4b38471f5/rapidfuzz-3.14.6-cp314-cp314t-manylinux_2_27_x86_64.manylinux_2_28_x86_64.whl", hash = "sha256:6f9ad513e3a3e045b60b421d5cd3887ae0a33b38fc6c6db3ea5e27c0a2e0412c", size = 3185373, upload-time = "2026-08-30T21:44:12.162Z" },
    { url = "https://files.pythonhosted.org/packages/91/09/db64291ce5f11c0f79486b435b49f5dc66680f605077cb011d282bf767b4/rapidfuzz-3.14.6-cp314-cp314t-manylinux_2_39_riscv64.whl", hash = "sha256:f35723caef8cc31b6f34209708fb172fc88bab0077c12e9b36bbb829baaf1b16", size = 1459628, upload-time = "2026-08-30T21:44:14.427Z" },
    { url = "https://files.pythonhosted.org/packages/d0/99/7eeaf6f7f42d4ec8b90db54c73f7c2a727e208b4db6fd5ea807e87133b9c/rapidfuzz-3.14.6-cp314-cp314t-musllinux_1_2_aarch64.whl", hash = "sha256:408b2e8e8c1ac71b57f0923cf964d6932539725e07b69e70ec66f22c4a403891", size = 2407348, upload-time = "2026-08-30T21:44:16.832Z" },
    { url = "https://files.pythonhosted.org/packages/19/bb/db04caff7bf26718e97592f8cc007988ef18eb088ebb0742addcb25f0819/rapidfuzz-3.14.6-cp314-cp314t-musllinux_1_2_ppc64le.whl", hash = "sha256:5667c56fdc902fa1e12449b5c042e8b1c7e9b30040db20c396fbdb3d0a750866", size = 2758630, upload-time = "2026-08-30T21:44:19.196Z" },
    { url = "https://files.pythonhosted.org/packages/3f/26/962fc396a56ec37146eb5331e55ae53d19dc564fd921f49a6d524c83ee05/rapidfuzz-3.14.6-cp314-cp314t-musllinux_1_2_riscv64.whl", hash = "sha256:76a122fc573df603deb5fb827df31bb5efbd0826b50bb7aeca8535a6e8c70cf9", size = 2494519, upload-time = "2026-08-30T21:44:21.687Z" },
    { url = "https://files.pythonhosted.org/packages/83/0f/d2067e23d9b7fb2aeb70a6b36173f0b2376635483f670aa5c47f17e55135/rapidfuzz-3.14.6-cp314-cp314t-musllinux_1_2_s390x.whl", hash = "sha256:e221366e24709b9d41d5f9cc99053b04cfc575d429e956a82cfbc4c4e9e8860a", size = 3262241, upload-time = "2026-08-30T21:44:24.218Z" },
    { url = "https://files.pythonhosted.org/packages/ce/bd/05e48e21b1dd722b41c0cb8ab8867996f6e0c0a1b46e42921ace09799b0c/rapidfuzz-3.14.6-cp314-cp314t-musllinux_1_2_x86_64.whl", hash = "sha256:36710ff214b7a8049d26a9c81d99948026593cacb47663742c4119072b651ecd", size = 4296246, upload-time = "2026-08-30T21:44:26.911Z" },
    { url = "https://files.pythonhosted.org/packages/12/ce/f4b355f05b17bdb3a56f1c5e9bd864965dbb810f93d1b5d6044ecfcbd42d/rapidfuzz-3.14.6-cp314-cp314t-win32.whl", hash = "sha256:66ece6f5e2586c742fc3e0b8487e06783d27c6c24adcdcfdd7f306afbd8b5737", size = 1977694, upload-time = "2026-08-30T21:44:29.431Z" },
    { url = "https://files.pythonhosted.org/packages/4a/15/d2c20c57b357ec4157e74a197b3f622dbda0b2a82d1fc708ed7b262758f9/rapidfuzz-3.14.6-cp314-cp314t-win_amd64.whl", hash = "sha256:cab4a932cec02d09471e2c9f1434049ef5bfe1f6e646ff10939c222dc610ad60", size = 1827262, upload-time = "2026-08-30T21:44:31.683Z" },
    { url = "https://files.pythonhosted.org/packages/15/e5/c38c19fbc1de82980e05bd3adbe1dc7f3dd0680e38e868646082317572d6/rapidfuzz-3.14.6-cp314-cp314t-win_arm64.whl", hash = "sha256:b056ce19eaea2ea70c6a6fb387a605ca2af8979de5b9d507597e8012820ddb14", size = 1245604, upload-time = "2026-08-30T21:44:34.066Z" },
]

[[package]]
name = "ruff"
version = "0.16.7"
source = { registry = "https://pypi.org/simple" }
sdist = { url = "https://files.pythonhosted.org/packages/82/bb/5a449b9162e49b139d72f61672bd3ac1d790221f796d3304e2241fff4c58/ruff-0.16.7.tar.gz", hash = "sha256:5f71d004ac1263b22fa39462ac5ae618a4b77d58981af2cc79bf79a29c12b1a6", size = 4924184, upload-time = "2026-09-10T18:04:06.336Z" }
wheels = [
    { url = "https://files.pythonhosted.org/packages/e3/b2/c80aeeb7f9e469c0d63a85d2f1ab6e1ebfbe10ea7a8d2438b7e09e3ff09e/ruff-0.16.7-py3-none-linux_armv6l.whl", hash = "sha256:727307773e7c7f9181d3ed3a2484186e56c1fa1874255911c74585eb2c7c19f9", size = 10048917, upload-time = "2026-09-10T18:03:30.28Z" },
    { url = "https://files.pythonhosted.org/packages/7b/96/20bb7bcae008004df52afcb7ac83432d4a467f2c17b672fe46d26be231c5/ruff-0.16.7-py3-none-macosx_10_12_x86_64.whl", hash = "sha256:9d61c258deabf58f34c67bd4bb4d939c7f2e6b5f0e59c1cdd1cf771b11cde929", size = 10242929, upload-time = "2026-09-10T18:03:32.706Z" },
    { url = "https://files.pythonhosted.org/packages/90/b2/f184b0d5abec02db69cfd7e49b688ae0237554528ca777136c613bf36bee/ruff-0.16.7-py3-none-macosx_11_0_arm64.whl", hash = "sha256:7ab81118df8945e0193d0240712aa4496573595b75185c3636ed825592a0f728", size = 9847245, upload-time = "2026-09-10T18:03:34.509Z" },
    { url = "https://files.pythonhosted.org/packages/eb/2d/db1633a641866ed801e34cc6b60ef236c5e16f9b2124ab1d49cc24a5fe4f/ruff-0.16.7-py3-none-manylinux_2_17_aarch64.manylinux2014_aarch64.whl", hash = "sha256:4c196c968874fc8019da8e7163de7a1a370f111e2309b4b7dfea0fce950198d0", size = 9961780, upload-time = "2026-09-10T18:03:36.618Z" },
    { url = "https://files.pythonhosted.org/packages/4d/98/edea21e1a3e38dbbc3bf6bb068b863b3b06184cf8533a4c7dbbe208a89d5/ruff-0.16.7-py3-none-manylinux_2_17_armv7l.manylinux2014_armv7l.whl", hash = "sha256:ac8c3bd0a7e10ad31e6ce51e7a99f3cb772e69aecdd6b9ea7e99b362f62a62c0", size = 9866337, upload-time = "2026-09-10T18:03:38.805Z" },
    { url = "https://files.pythonhosted.org/packages/0b/11/a15e60d4c87b214646f116ca9d204475bf993ee1047459bc9a360fd4d6d1/ruff-0.16.7-py3-none-manylinux_2_17_i686.manylinux2014_i686.whl", hash = "sha256:398d3988edde000b5c75dc1b3f584708da9bc990de069c18909142580fec1af9", size = 10562512, upload-time = "2026-09-10T18:03:40.71Z" },
    { url = "https://files.pythonhosted.org/packages/29/42/eaff4c9b6d0c7cdf56df313a17e89ae854f5bbc0b0c8f9cce19be0ab7a8f/ruff-0.16.7-py3-none-manylinux_2_17_ppc64le.manylinux2014_ppc64le.whl", hash = "sha256:ce05b62b770a8217c4646a9c4139fca00efe8fe5d71f87df2b243ff20d4584d1", size = 11302938, upload-time = "2026-09-10T18:03:42.607Z" },
    { url = "https://files.pythonhosted.org/packages/5d/43/c75aa59a4ec181fe2ec06cab30e198c1c6d107229a9f008ae3a7c16cabd8/ruff-0.16.7-py3-none-manylinux_2_17_s390x.manylinux2014_s390x.whl", hash = "sha256:af1b576fddb9d9ef2ececfb5fadcd6a624b25070ed85e3cfcfe449fc3ff6a7b9", size = 10840857, upload-time = "2026-09-10T18:03:44.604Z" },
    { url = "https://files.pythonhosted.org/packages/21/33/81f3da371942ea031105ba679d8d6e28ec1660ccd690a45f42d381161356/ruff-0.16.7-py3-none-manylinux_2_17_x86_64.manylinux2014_x86_64.whl", hash = "sha256:9ce7f8f22df67c93ed96c717f9128eadb797144ac2bad475cf536f31d6100c55", size = 10370001, upload-time = "2026-09-10T18:03:46.706Z" },
    { url = "https://files.pythonhosted.org/packages/fa/0b/6345fb4dbf6dd0ed1cfe5d18391dc9c3f59cc81622a7b0a65b84b3e730ba/ruff-0.16.7-py3-none-manylinux_2_31_riscv64.whl", hash = "sha256:06d0e93d04f392996435ebd600c153f65b47d73fbec2415aa99c5ee5756b3a5f", size = 10548735, upload-time = "2026-09-10T18:03:48.658Z" },
    { url = "https://files.pythonhosted.org/packages/3f/4d/c5576adf511f92a328e5569dda190ecdd430da51f1a649f3a4a2fd73e21e/ruff-0.16.7-py3-none-musllinux_1_2_aarch64.whl", hash = "sha256:142151a5e7b93c1b11111337142f89dd2fbfee92161225c99a97222f22e32656", size = 10108496, upload-time = "2026-09-10T18:03:50.563Z" },
    { url = "https://files.pythonhosted.org/packages/ff/8c/667d83c16199a17a56adc6b0bd4c3beb5b767a2babcd16a56f76f9be7fd6/ruff-0.16.7-py3-none-musllinux_1_2_armv7l.whl", hash = "sha256:e6651f97a342d8b35d54d8991544ca22169b86dc54111cb604666940c431b750", size = 9860136, upload-time = "2026-09-10T18:03:52.621Z" },
    { url = "https://files.pythonhosted.org/packages/99/75/78d401106731999a1dd20cc5a6961e37e1eb9397a3b589f73f3a5ce146a3/ruff-0.16.7-py3-none-musllinux_1_2_i686.whl", hash = "sha256:ef140c6eb935fa9a84c9c607dfb2cb1b85843c192e79265b0c54f35f557ea8e5", size = 10286290, upload-time = "2026-09-10T18:03:55.207Z" },
    { url = "https://files.pythonhosted.org/packages/68/49/56f9c3a8b755df93a0ad318b2147bf4ef5dae9a7e5ec61c460109c67957f/ruff-0.16.7-py3-none-musllinux_1_2_x86_64.whl", hash = "sha256:53e39506a730fadeee0d998ed5946f30671f0db240c6c7c73bdabbe33604bb6f", size = 10745048, upload-time = "2026-09-10T18:03:57.299Z" },
    { url = "https://files.pythonhosted.org/packages/5f/ea/7f9b938a63ece4bec677ad7f9f7fa02df3383db1949ed93a382441c09a87/ruff-0.16.7-py3-none-win32.whl", hash = "sha256:2ea3470fcebcbc5df2fb0c6f3b90333fa9084c534e0111c038fa4a6ab9f1c4b7", size = 10059082, upload-time = "2026-09-10T18:03:59.632Z" },
    { url = "https://files.pythonhosted.org/packages/39/11/480a6973a927aa653e1cead6a6416008640e03a99d05b34c0434b8c6c366/ruff-0.16.7-py3-none-win_amd64.whl", hash = "sha256:7ac26aca826e9e21d0f1cb25b54ac660760a9fdd094d3e4df9848232be98cfc6", size = 10593368, upload-time = "2026-09-10T18:04:01.999Z" },
    { url = "https://files.pythonhosted.org/packages/8b/4b/51327018d056f0dad2c2238f26d1fb0f53707a9d91b75dea6d1b3039f136/ruff-0.16.7-py3-none-win_arm64.whl", hash = "sha256:aab7f39e2c9df6c596216070f98eef1207b94f8516cca20c808826974971855b", size = 10412401, upload-time = "2026-09-10T18:04:04.098Z" },
]

[[package]]
name = "six"
version = "1.17.0"
source = { registry = "https://pypi.org/simple" }
sdist = { url = "https://files.pythonhosted.org/packages/94/e7/b2c673351809dca68a0e064b6af791aa332cf192da575fd474ed7d6f16a2/six-1.17.0.tar.gz", hash = "sha256:ff70335d468e7eb6ec65b95b99d3a2836546063f63acc5171de367e834932a81", size = 34031, upload-time = "2024-12-04T17:35:28.174Z" }
wheels = [
    { url = "https://files.pythonhosted.org/packages/b7/ce/149a00dd41f10bc29e5921b496af8b574d8413afcd5e30dfa0ed46c2cc5e/six-1.17.0-py2.py3-none-any.whl", hash = "sha256:4721f391ed90541fddacab5acf947aa0d3dc7d27b2e1e8eda2be8970586c3274", size = 11050, upload-time = "2024-12-04T17:35:26.475Z" },
]

[[package]]
name = "thefuzz"
version = "0.22.1"
source = { registry = "https://pypi.org/simple" }
dependencies = [
    { name = "rapidfuzz" },
]
sdist = { url = "https://files.pythonhosted.org/packages/81/4b/d3eb25831590d6d7d38c2f2e3561d3ba41d490dc89cd91d9e65e7c812508/thefuzz-0.22.1.tar.gz", hash = "sha256:7138039a7ecf540da323792d8592ef9902b1d79eb78c147d4f20664de79f3680", size = 19993, upload-time = "2024-01-19T19:18:23.135Z" }
wheels = [
    { url = "https://files.pythonhosted.org/packages/82/4f/1695e70ceb3604f19eda9908e289c687ea81c4fecef4d90a9d1d0f2f7ae9/thefuzz-0.22.1-py3-none-any.whl", hash = "sha256:59729b33556850b90e1093c4cf9e618af6f2e4c985df193fdf3c5b5cf02ca481", size = 8245, upload-time = "2024-01-19T19:18:20.362Z" },
]

[[package]]
name = "tzdata"
version = "2026.3"
source = { registry = "https://pypi.org/simple" }
sdist = { url = "https://files.pythonhosted.org/packages/92/ff/5a28bdfd8c3ebec42564ac7d0e54ca3db65044a9314a97f9564fa7a1e926/tzdata-2026.3.tar.gz", hash = "sha256:4a1518b8993086a7982523e071643f3c0e5f213e75b21318e78bcabfff9d1415", size = 198674, upload-time = "2026-07-10T08:50:37.887Z" }
wheels = [
    { url = "https://files.pythonhosted.org/packages/e5/6d/b53b99a9f2766d095985947a5782f1702cabb129a34f7a802d7197af832f/tzdata-2026.3-py2.py3-none-any.whl", hash = "sha256:dc096730c87af6cab1b171c9d532be840741ff5d459015e7f6947bd7d7e54931", size = 348168, upload-time = "2026-07-10T08:50:36.46Z" },
]
