version = 1
revision = 3
requires-python = ">=3.14.7, <3.15"

[[package]]
name = "argparse"
version = "1.4.0"
source = { registry = "https://pypi.org/simple" }
sdist = { url = "https://files.pythonhosted.org/packages/18/dd/e617cfc3f6210ae183374cd9f6a26b20514bbb5a792af97949c5aacddf0f/argparse-1.4.0.tar.gz", hash = "sha256:62b089a55be1d8949cd2bc7e0df0bddb9e028faefc8c32038cc84862aefdd6e4", size = 70508, upload-time = "2015-09-12T20:22:16.217Z" }
wheels = [
    { url = "https://files.pythonhosted.org/packages/f2/94/3af39d34be01a24a6e65433d19e107099374224905f1e0cc6bbe1fd22a2f/argparse-1.4.0-py2.py3-none-any.whl", hash = "sha256:c31647edb69fd3d465a847ea3157d37bed1f95f19760b11a47aa91c04b666314", size = 23000, upload-time = "2015-09-14T16:03:16.137Z" },
]

[[package]]
name = "backend"
version = "0.1.0"
source = { virtual = "." }
dependencies = [
    { name = "argparse" },
    { name = "duckdb" },
    { name = "numpy" },
    { name = "pandas" },
    { name = "pyarrow" },
    { name = "pyspark" },
    { name = "python-levenshtein" },
    { name = "ruff" },
    { name = "thefuzz" },
]

[package.metadata]
requires-dist = [
    { name = "argparse", specifier = ">=1.4.0" },
    { name = "duckdb", specifier = ">=1.5.5" },
    { name = "numpy", specifier = "==2.5.2" },
    { name = "pandas", specifier = ">=2.3.3,<3.0" },
    { name = "pyarrow", specifier = ">=25.0.1" },
    { name = "pyspark", specifier = "==4.2.0" },
    { name = "python-levenshtein", specifier = ">=0.27.4" },
    { name = "ruff", specifier = ">=0.16.6" },
    { name = "thefuzz", specifier = ">=0.22.1" },
]

[[package]]
name = "duckdb"
version = "1.5.5"
source = { registry = "https://pypi.org/simple" }
sdist = { url = "https://files.pythonhosted.org/packages/7d/19/e57151753576373c6696a12022648546cca6038e8833fda2908ee2342d9b/duckdb-1.5.5.tar.gz", hash = "sha256:72f33ee57ca7595b23957671a2cc7f7fe2be0ecc2d68f63abedcfcaa3a5c1238", size = 18066741, upload-time = "2026-07-22T10:55:17.819Z" }
wheels = [
    { url = "https://files.pythonhosted.org/packages/3e/56/12c65bfa2d2605b81981b264788891bcf11ec72227889554cead5d8d13b9/duckdb-1.5.5-cp314-cp314-macosx_10_15_universal2.whl", hash = "sha256:8e6413dd40facb7b8ab21bd844450cd8f549b29e138635be9cf090ef4d2049e2", size = 32761946, upload-time = "2026-07-22T10:54:53.412Z" },
    { url = "https://files.pythonhosted.org/packages/b9/46/682ce155f17e0d2822d4f13ee3db9ca4b5b7c2da61b841b2629035e1f4bc/duckdb-1.5.5-cp314-cp314-macosx_10_15_x86_64.whl", hash = "sha256:64078acfd16541132ac6e191eb81b2845554444a0305cc1aa581ba107e514aa8", size = 17375069, upload-time = "2026-07-22T10:54:57.269Z" },
    { url = "https://files.pythonhosted.org/packages/39/ce/a24bcbd3289c8f305a430759c5fc12242740b4af3e17f7593f3a34e333d2/duckdb-1.5.5-cp314-cp314-macosx_11_0_arm64.whl", hash = "sha256:8c11775cc99a447618d5f1840126db17f2652f3eae05529df4f81f40e2df7151", size = 15519791, upload-time = "2026-07-22T10:55:00.681Z" },
    { url = "https://files.pythonhosted.org/packages/d9/76/3a01afbc615c1d418c0de58a6b68ac5ce2a8563232c0464bfbc2ce552398/duckdb-1.5.5-cp314-cp314-manylinux_2_26_aarch64.manylinux_2_28_aarch64.whl", hash = "sha256:77bbc1e6ba12e1e06f9020117bdf848627ecfdf36f907550e62e008e6109dece", size = 19398251, upload-time = "2026-07-22T10:55:04.168Z" },
    { url = "https://files.pythonhosted.org/packages/a1/43/3a5e81d1728f4d234c79bfe385808ee7c04834f7c37a4b5c257459c25614/duckdb-1.5.5-cp314-cp314-manylinux_2_26_x86_64.manylinux_2_28_x86_64.whl", hash = "sha256:fbf0f2d48b43c6c304d00463b463c27ead6c4b01c3c1816b750f728decf71afe", size = 21513851, upload-time = "2026-07-22T10:55:07.864Z" },
    { url = "https://files.pythonhosted.org/packages/91/41/fc7c829172c60ca22485251eab285f4f1a0d87b486a024c726f21471d86e/duckdb-1.5.5-cp314-cp314-win_amd64.whl", hash = "sha256:9dc826c4b50e64f6c4e4d07a3a9cb075ef70ba3899dc43ec5493dc3d7b04b353", size = 13691858, upload-time = "2026-07-22T10:55:11.181Z" },
    { url = "https://files.pythonhosted.org/packages/e1/2c/95d9216b79e9273689d7ebce125a54503ed0c9bd7da931f0265888e99779/duckdb-1.5.5-cp314-cp314-win_arm64.whl", hash = "sha256:63e48d4b74b15aeacd688976432a7225163df8c226eddeb8536bba2d4d4ff433", size = 14470180, upload-time = "2026-07-22T10:55:14.445Z" },
]

[[package]]
name = "levenshtein"
version = "0.27.4"
source = { registry = "https://pypi.org/simple" }
dependencies = [
    { name = "rapidfuzz" },
]
sdist = { url = "https://files.pythonhosted.org/packages/ca/d9/5acd910cb9527d6aeba8dbc0a5d1093e72921f2d0ca586a4594660615688/levenshtein-0.27.4.tar.gz", hash = "sha256:3df1c12bf5e485774d6387f3894271ef3724414ecc20dd238ae4d2333e093c83", size = 401198, upload-time = "2026-08-08T20:27:04.375Z" }
wheels = [
    { url = "https://files.pythonhosted.org/packages/cd/8b/67b04e69022317a273b36aca7be7ef7a739499b1f836bf6bd612562e3b9c/levenshtein-0.27.4-cp314-cp314-macosx_10_15_x86_64.whl", hash = "sha256:38b1f8c34dacd5b5ad5ab9c361039370e35a2f79b9b679c25f11534290207a43", size = 171858, upload-time = "2026-08-08T20:26:23.471Z" },
    { url = "https://files.pythonhosted.org/packages/67/72/4ec7b6e5472e4958c5ed70f9217bb3e7573f62bc7d96df61f03a957685a6/levenshtein-0.27.4-cp314-cp314-macosx_11_0_arm64.whl", hash = "sha256:61d484fc0e8e4f5cc06b7ddded68751bd9fadcd14ba2b02ee6fe173bdf081a16", size = 160573, upload-time = "2026-08-08T20:26:24.81Z" },
    { url = "https://files.pythonhosted.org/packages/fd/35/7e0f93fdab7570c985054587868d3444fc2eb96731487752e6e730e49035/levenshtein-0.27.4-cp314-cp314-manylinux_2_24_aarch64.manylinux_2_28_aarch64.whl", hash = "sha256:b10a8390c9b3c9bdc2400ba2d79a20c19c94c54b2f4e8976c9d2319fce891bf5", size = 143603, upload-time = "2026-08-08T20:26:26.266Z" },
    { url = "https://files.pythonhosted.org/packages/f3/8c/624006e490115983454095b831d479aaea0a1558a7dceaccaedb029a6c31/levenshtein-0.27.4-cp314-cp314-manylinux_2_24_armv7l.manylinux_2_31_armv7l.whl", hash = "sha256:b570ced6ae4ce35709cf06dc1c4f8cf623b87354ad838c9d15284373ab3ebadc", size = 117159, upload-time = "2026-08-08T20:26:27.702Z" },
    { url = "https://files.pythonhosted.org/packages/e4/f5/125c887aa05298af8a3930db5bba2b51ade0d6a974bf77c546df28edabfc/levenshtein-0.27.4-cp314-cp314-manylinux_2_24_x86_64.manylinux_2_28_x86_64.whl", hash = "sha256:d36b6e6e5ca14cde39f7aed2af825038bf9b4e7bfc46b9a30c4d8dd4f9b22b02", size = 158878, upload-time = "2026-08-08T20:26:29.183Z" },
    { url = "https://files.pythonhosted.org/packages/2f/21/8ef976f38b3bed6dc634ba5818288a65a8728bd4cd9285deca93e4725b5c/levenshtein-0.27.4-cp314-cp314-musllinux_1_2_aarch64.whl", hash = "sha256:18e8c02c5c9423615906eb7e95803e1ba857701c7fe6101da0df4b45bb0467f5", size = 1127214, upload-time = "2026-08-08T20:26:30.766Z" },
    { url = "https://files.pythonhosted.org/packages/8a/9e/f6d97fe832d498543e10f5b3dd72bb346025dfe4696788d78fe1b123d996/levenshtein-0.27.4-cp314-cp314-musllinux_1_2_armv7l.whl", hash = "sha256:667b975f05f8f845bd6158ccf82bf0aa8912b9e88fe7800d49ce88e413f9aa61", size = 1012576, upload-time = "2026-08-08T20:26:32.368Z" },
    { url = "https://files.pythonhosted.org/packages/6f/67/2baff7e5e459b2ccf968213cccd248248b3c486af42769f59dd9010ff000/levenshtein-0.27.4-cp314-cp314-musllinux_1_2_x86_64.whl", hash = "sha256:a5a630503786a14b11a0e0fbbfe7ae91189f54e357fab38a7bf5f5ec3a838e37", size = 1193361, upload-time = "2026-08-08T20:26:33.943Z" },
    { url = "https://files.pythonhosted.org/packages/ff/6f/b3189be0480431b432ab6e70feb7662583dc50b20db37164811be3a4cca9/levenshtein-0.27.4-cp314-cp314-win32.whl", hash = "sha256:5951795b568cc756ae61b7fbcc9f8cdc55c4476a43fdb9fef4f8cdb4b4cd9e3e", size = 282218, upload-time = "2026-08-08T20:26:35.549Z" },
    { url = "https://files.pythonhosted.org/packages/e2/3d/595390b5d34bc1aa0b5e9361d3e1e651f0836d69cd21a261dd9725c809bd/levenshtein-0.27.4-cp314-cp314-win_amd64.whl", hash = "sha256:a9b1b25d559c2c322603e3a5edaa2beacb156c34fd5ee78351d49963aa0d0764", size = 292369, upload-time = "2026-08-08T20:26:37.137Z" },
    { url = "https://files.pythonhosted.org/packages/23/4d/412b3406d56d1db29e5432c196f6f2e2577046a53dabce53ff5f223da1e1/levenshtein-0.27.4-cp314-cp314-win_arm64.whl", hash = "sha256:64619c1674a8eb37dbeda7fe397a858d3cf6447d1a1c479d37ce4165bbfd3971", size = 467353, upload-time = "2026-08-08T20:26:38.8Z" },
    { url = "https://files.pythonhosted.org/packages/e2/fd/801b3c6d40598a46aa28218fd5e1daa12f8fff9820a92e7cd99decb1ce20/levenshtein-0.27.4-cp314-cp314t-macosx_10_15_x86_64.whl", hash = "sha256:6b380f5f0aa3bc3b80b4b91ba57bf38a8b1e1dc087a1c4677a55c5ca6b2cfdfc", size = 173601, upload-time = "2026-08-08T20:26:40.493Z" },
    { url = "https://files.pythonhosted.org/packages/8e/38/c6567d3c0988580db1f77a434ec8c9e54cd84cbfa3560aeb9c2ec71844fa/levenshtein-0.27.4-cp314-cp314t-macosx_11_0_arm64.whl", hash = "sha256:34615d2b8b17471dcb7175a0e4ebe355a0791ce364bb9470c559d24c831c9bea", size = 162272, upload-time = "2026-08-08T20:26:42.065Z" },
    { url = "https://files.pythonhosted.org/packages/08/83/64230baa4ccdd6b5c2bf9f5d8373a2cc5689b293a5812d72089468b5c991/levenshtein-0.27.4-cp314-cp314t-manylinux_2_24_aarch64.manylinux_2_28_aarch64.whl", hash = "sha256:23d58bf0089a737ec982e259da98a8856d80dda13b05ee0baab01b0596d6b145", size = 138003, upload-time = "2026-08-08T20:26:43.505Z" },
    { url = "https://files.pythonhosted.org/packages/a1/41/261a3cbd6c738b887994795cac8ec79c922ac6a77de882eaea4dbe606c0a/levenshtein-0.27.4-cp314-cp314t-manylinux_2_24_armv7l.manylinux_2_31_armv7l.whl", hash = "sha256:4b3830767fd2a9b68698be458397cee4cec409c8d8992074baaffc0576a89d10", size = 119900, upload-time = "2026-08-08T20:26:44.897Z" },
    { url = "https://files.pythonhosted.org/packages/c2/20/62e569a4fd4ca3f2269d100340f9b74dbdce5e0c75fbbd48a752182b4d77/levenshtein-0.27.4-cp314-cp314t-manylinux_2_24_x86_64.manylinux_2_28_x86_64.whl", hash = "sha256:6a410d7fcdbd76ee483d02e5825980c3d06254c4001d95d251bfaf9c14477b4e", size = 157701, upload-time = "2026-08-08T20:26:46.326Z" },
    { url = "https://files.pythonhosted.org/packages/4f/10/8d9fd5b30fccb792cc0888df40f325d276727d524845b42eec33e4e351ba/levenshtein-0.27.4-cp314-cp314t-musllinux_1_2_aarch64.whl", hash = "sha256:9f04ece487bf4212d91784a476533a5bda1701f71a12e50487869dc42787ea30", size = 1121144, upload-time = "2026-08-08T20:26:47.88Z" },
    { url = "https://files.pythonhosted.org/packages/83/4a/7ba1add64eb6e964b1ac47ba0092284cc762e92790257803cc5a9cd6af0d/levenshtein-0.27.4-cp314-cp314t-musllinux_1_2_armv7l.whl", hash = "sha256:8e5b53fa96318beb2a5d72be3d6cac23759eaacf537843e3e1a80ee345dc5b9f", size = 1005066, upload-time = "2026-08-08T20:26:49.35Z" },
    { url = "https://files.pythonhosted.org/packages/de/c9/aac4a4749a2b04078371a06acc931bc3bb871640a3572ab7d4d4c83f0429/levenshtein-0.27.4-cp314-cp314t-musllinux_1_2_x86_64.whl", hash = "sha256:12379e482aef24b0a3c38b41669b88f8c9edcac7301367dc52449071f0d1a2e1", size = 1191692, upload-time = "2026-08-08T20:26:50.902Z" },
    { url = "https://files.pythonhosted.org/packages/65/11/0fce9f771f6decefaa0a814b87f3e8d42d382b59af2176fdae805c244a2b/levenshtein-0.27.4-cp314-cp314t-win32.whl", hash = "sha256:7d180894a008367953cf076525421a5488619ce1c4636c9d34b1c836bf8bee03", size = 284631, upload-time = "2026-08-08T20:26:52.558Z" },
    { url = "https://files.pythonhosted.org/packages/a4/ad/3d6c65d5bf7094c953ea0358b1499d62e935d93c3fb9c3b324cbe0711706/levenshtein-0.27.4-cp314-cp314t-win_amd64.whl", hash = "sha256:8ff7e95d8fff15a0889e2305274b089cb4726bd545952e17e06382a3a9da083c", size = 294923, upload-time = "2026-08-08T20:26:53.987Z" },
    { url = "https://files.pythonhosted.org/packages/0d/5f/fd7b0982024b1b902f301c297b9be38214a43ef7781141879bd3aeac031e/levenshtein-0.27.4-cp314-cp314t-win_arm64.whl", hash = "sha256:4416e14abcae7394647b0c57aa2ca00d96e99c53c4a1a4cc23745f8eb7412909", size = 469057, upload-time = "2026-08-08T20:26:55.8Z" },
]

[[package]]
name = "numpy"
version = "2.5.2"
source = { registry = "https://pypi.org/simple" }
sdist = { url = "https://files.pythonhosted.org/packages/9a/80/db0b4559e57ec36362bedbb05530a87fafbcb6067708c946967a41d449e7/numpy-2.5.2.tar.gz", hash = "sha256:d482d171c406ae88c5b19cad3b6a1c4c5209f886ab74bc44c2c865c23f52d860", size = 20773161, upload-time = "2026-08-09T13:48:27.962Z" }
wheels = [
    { url = "https://files.pythonhosted.org/packages/ac/f8/c3b222bf075b50afd8e949a07a15c4b312a4a84bd8102a332bcd953cbbb4/numpy-2.5.2-cp314-cp314-macosx_10_15_x86_64.whl", hash = "sha256:d787cf769c3baeb5f6235e778edb52c08dfa923789b5958f28e6450f96107cb1", size = 16885180, upload-time = "2026-08-09T13:46:03.939Z" },
    { url = "https://files.pythonhosted.org/packages/17/e1/2c1d4b1987795a92b5bbf7c24fe249ab96aa2573ab0d7604802c189d7b86/numpy-2.5.2-cp314-cp314-macosx_11_0_arm64.whl", hash = "sha256:24b9dc2e3d84aa58523798805194e23e736f3f6ce2d1a5b92583ae734e6dbda8", size = 11907878, upload-time = "2026-08-09T13:46:07.045Z" },
    { url = "https://files.pythonhosted.org/packages/b9/ee/d08226fc858044355983a6e5b94f08ff6f3969e0a2b160a4a89f0ddb3445/numpy-2.5.2-cp314-cp314-macosx_14_0_arm64.whl", hash = "sha256:9e9413326d726c2545bfa65d2c0876871e8d8386e77f992c1d426e180bbd4323", size = 5354922, upload-time = "2026-08-09T13:46:10.04Z" },
    { url = "https://files.pythonhosted.org/packages/94/f0/6d3d933056440ebbc5e6bad92065fc6c26a48a84a36b1208580e94eea76c/numpy-2.5.2-cp314-cp314-macosx_14_0_x86_64.whl", hash = "sha256:60e902ac295855348a5ca2ea4c89108989a9f5fddfad3dfc0a8f36b10358567e", size = 6679168, upload-time = "2026-08-09T13:46:12.275Z" },
    { url = "https://files.pythonhosted.org/packages/c4/3b/ecd49dd90033cceb2704d88ca905d4d7d89b0e8c739608754ffd325fa820/numpy-2.5.2-cp314-cp314-manylinux_2_27_aarch64.manylinux_2_28_aarch64.whl", hash = "sha256:50e500dc868e9313530ce12ba470fe50ff3afe3d62993ed6eff652dacd555b65", size = 15624501, upload-time = "2026-08-09T13:46:15.322Z" },
    { url = "https://files.pythonhosted.org/packages/c7/99/461bd36dbdfac6c1c53efa370bd55a83227542d0d118f1677dbf1a3dacd5/numpy-2.5.2-cp314-cp314-manylinux_2_27_x86_64.manylinux_2_28_x86_64.whl", hash = "sha256:318b9a4c845dbea06708a29c84ee429cc3065048db34cdb799047643492050ee", size = 16713701, upload-time = "2026-08-09T13:46:18.949Z" },
    { url = "https://files.pythonhosted.org/packages/f9/9c/2b251df9e8a5d647b62b0cbc1b90a91850c1cf4859ecb532fd0b4eacff6c/numpy-2.5.2-cp314-cp314-musllinux_1_2_aarch64.whl", hash = "sha256:34c319e2963be042673fb46570501b2f06c41924e17e3563d58646b4380dfb68", size = 16986065, upload-time = "2026-08-09T13:46:23.006Z" },
    { url = "https://files.pythonhosted.org/packages/8f/25/20de43f53ff1390534a124475055a19f01fe10c920a0fd11b8e18d6d6052/numpy-2.5.2-cp314-cp314-musllinux_1_2_x86_64.whl", hash = "sha256:f06571a052127dc1b4e8b83029b4d1b20daa2b64a31cdd181fc6bc774e9000eb", size = 18470031, upload-time = "2026-08-09T13:46:27.102Z" },
    { url = "https://files.pythonhosted.org/packages/56/5e/0c577ca308d6da5eb79b546ba10bbe5b60148192194e2da060913b1de4f1/numpy-2.5.2-cp314-cp314-win32.whl", hash = "sha256:2cc779226e476d1e1f08c74068c419e60f41a9e0e069c92f6671d31d5c985e98", size = 6121028, upload-time = "2026-08-09T13:46:30.046Z" },
    { url = "https://files.pythonhosted.org/packages/15/5c/7bcbd5b11f94199073320410cddcbb80cee62415bfeb540874b265c2d922/numpy-2.5.2-cp314-cp314-win_amd64.whl", hash = "sha256:7587f53dfbd5edc0f7b87c6217b4c6d2d1f2ef9c3da70bc1315e7db5f8d7ec9d", size = 12597627, upload-time = "2026-08-09T13:46:32.886Z" },
    { url = "https://files.pythonhosted.org/packages/87/bc/4d0b06fba0da90ccc75af62823cb9dcedb6c9ea0cffa058cb2c9ee773a77/numpy-2.5.2-cp314-cp314-win_arm64.whl", hash = "sha256:3e4c367352d3747784248a227fbec218e193b56f7e6692e3b64fc805478ecfdf", size = 10680414, upload-time = "2026-08-09T13:46:36.036Z" },
    { url = "https://files.pythonhosted.org/packages/cd/17/f429aac9dc08833a0d0f188eba38c532a751b1a1f2ca6018a37b455cb321/numpy-2.5.2-cp314-cp314t-macosx_11_0_arm64.whl", hash = "sha256:b879fb674276e331513fb136b78dbc6bd3c848309e0d841cfd63be3896c4cfc1", size = 12026967, upload-time = "2026-08-09T13:46:39.084Z" },
    { url = "https://files.pythonhosted.org/packages/ca/9f/d0849de96a2a4ceaa16662f18ee13eaa9c0aa418269fdc8c4857c56b11da/numpy-2.5.2-cp314-cp314t-macosx_14_0_arm64.whl", hash = "sha256:fd0d703772bba096843785bd38371e31bb4a0c1151497ad5739d182114a73f7f", size = 5473874, upload-time = "2026-08-09T13:46:42.075Z" },
    { url = "https://files.pythonhosted.org/packages/89/3c/8df216d4a4a5422a3de045301cf7df8ea47286d76f5cb7160b0128ac26b7/numpy-2.5.2-cp314-cp314t-macosx_14_0_x86_64.whl", hash = "sha256:3a2f061cebd9e3d23bdcfaaded5e2293a4c6a5b60fa42df85d410a725ce621bf", size = 6789276, upload-time = "2026-08-09T13:46:44.387Z" },
    { url = "https://files.pythonhosted.org/packages/e6/3a/20d7e9891c4ddfadd6ff8d95bf4b29f353d8e1770553de2099880551dfb9/numpy-2.5.2-cp314-cp314t-manylinux_2_27_aarch64.manylinux_2_28_aarch64.whl", hash = "sha256:6df895598c0edcb41030126c89e0f353b07d93238116143b7405e937359736c4", size = 15659154, upload-time = "2026-08-09T13:46:47.538Z" },
    { url = "https://files.pythonhosted.org/packages/aa/d6/f3aa3d2688bf501b858835c6bd087ae9b51a56ae6fca8e2b0990abd177af/numpy-2.5.2-cp314-cp314t-manylinux_2_27_x86_64.manylinux_2_28_x86_64.whl", hash = "sha256:1ab3d4a901f844ea836c3e80bf463c6a27d7f3c14e8e292fcf28d348b25b9bce", size = 16748909, upload-time = "2026-08-09T13:46:51.442Z" },
    { url = "https://files.pythonhosted.org/packages/7d/8f/1c5cae8d2baf86ab802ae97a00be55bc7e21ebc11b12bbc33376c5f05342/numpy-2.5.2-cp314-cp314t-musllinux_1_2_aarch64.whl", hash = "sha256:cebc2d6dbb605a7703d59751dea4bd6b0ab127a5a4338a6f432df1936fef8b26", size = 17027685, upload-time = "2026-08-09T13:46:55.095Z" },
    { url = "https://files.pythonhosted.org/packages/5c/27/71d3467404aedc1c24ce79610f91b52b0b0f466c43a701aa56fc75c145ab/numpy-2.5.2-cp314-cp314t-musllinux_1_2_x86_64.whl", hash = "sha256:eaca7ff36f0f52e2111ec71f169d8fd3e889e7ddc0d2592e0d703fd8d3ce8fac", size = 18501181, upload-time = "2026-08-09T13:46:59.09Z" },
    { url = "https://files.pythonhosted.org/packages/14/2f/42921d27c40aea7e077f4a423ae509fd9220b028cd787bafefd8ab2b3a5f/numpy-2.5.2-cp314-cp314t-win32.whl", hash = "sha256:ddf47472af2e4280d79bac82304f5e80150211f1b9e614b760061d5fdfbb6eba", size = 6271085, upload-time = "2026-08-09T13:47:01.903Z" },
    { url = "https://files.pythonhosted.org/packages/75/e6/bad5f5d56de9b1971bac959963dda276d35c40f1854475005434bbe08692/numpy-2.5.2-cp314-cp314t-win_amd64.whl", hash = "sha256:44ef9675d908e65f9953063837c3277730f3f4437615a4cdab67b366cabaf884", size = 12787971, upload-time = "2026-08-09T13:47:04.963Z" },
    { url = "https://files.pythonhosted.org/packages/df/05/f608795cb34391acd67e38d94a3c36abd8d8576293a3a80727d7595c372c/numpy-2.5.2-cp314-cp314t-win_arm64.whl", hash = "sha256:eaa088384c46f519dacb93b7ec483a6d6b19a4a2085ae4f25ab9b1c43d387d1e", size = 10750306, upload-time = "2026-08-09T13:47:07.976Z" },
]

[[package]]
name = "pandas"
version = "2.3.3"
source = { registry = "https://pypi.org/simple" }
dependencies = [
    { name = "numpy" },
    { name = "python-dateutil" },
    { name = "pytz" },
    { name = "tzdata" },
]
sdist = { url = "https://files.pythonhosted.org/packages/33/01/d40b85317f86cf08d853a4f495195c73815fdf205eef3993821720274518/pandas-2.3.3.tar.gz", hash = "sha256:e05e1af93b977f7eafa636d043f9f94c7ee3ac81af99c13508215942e64c993b", size = 4495223, upload-time = "2025-09-29T23:34:51.853Z" }
wheels = [
    { url = "https://files.pythonhosted.org/packages/04/fd/74903979833db8390b73b3a8a7d30d146d710bd32703724dd9083950386f/pandas-2.3.3-cp314-cp314-macosx_10_13_x86_64.whl", hash = "sha256:ee15f284898e7b246df8087fc82b87b01686f98ee67d85a17b7ab44143a3a9a0", size = 11540635, upload-time = "2025-09-29T23:25:52.486Z" },
    { url = "https://files.pythonhosted.org/packages/21/00/266d6b357ad5e6d3ad55093a7e8efc7dd245f5a842b584db9f30b0f0a287/pandas-2.3.3-cp314-cp314-macosx_11_0_arm64.whl", hash = "sha256:1611aedd912e1ff81ff41c745822980c49ce4a7907537be8692c8dbc31924593", size = 10759079, upload-time = "2025-09-29T23:26:33.204Z" },
    { url = "https://files.pythonhosted.org/packages/ca/05/d01ef80a7a3a12b2f8bbf16daba1e17c98a2f039cbc8e2f77a2c5a63d382/pandas-2.3.3-cp314-cp314-manylinux_2_24_aarch64.manylinux_2_28_aarch64.whl", hash = "sha256:6d2cefc361461662ac48810cb14365a365ce864afe85ef1f447ff5a1e99ea81c", size = 11814049, upload-time = "2025-09-29T23:27:15.384Z" },
    { url = "https://files.pythonhosted.org/packages/15/b2/0e62f78c0c5ba7e3d2c5945a82456f4fac76c480940f805e0b97fcbc2f65/pandas-2.3.3-cp314-cp314-manylinux_2_24_x86_64.manylinux_2_28_x86_64.whl", hash = "sha256:ee67acbbf05014ea6c763beb097e03cd629961c8a632075eeb34247120abcb4b", size = 12332638, upload-time = "2025-09-29T23:27:51.625Z" },
    { url = "https://files.pythonhosted.org/packages/c5/33/dd70400631b62b9b29c3c93d2feee1d0964dc2bae2e5ad7a6c73a7f25325/pandas-2.3.3-cp314-cp314-musllinux_1_2_aarch64.whl", hash = "sha256:c46467899aaa4da076d5abc11084634e2d197e9460643dd455ac3db5856b24d6", size = 12886834, upload-time = "2025-09-29T23:28:21.289Z" },
    { url = "https://files.pythonhosted.org/packages/d3/18/b5d48f55821228d0d2692b34fd5034bb185e854bdb592e9c640f6290e012/pandas-2.3.3-cp314-cp314-musllinux_1_2_x86_64.whl", hash = "sha256:6253c72c6a1d990a410bc7de641d34053364ef8bcd3126f7e7450125887dffe3", size = 13409925, upload-time = "2025-09-29T23:28:58.261Z" },
    { url = "https://files.pythonhosted.org/packages/a6/3d/124ac75fcd0ecc09b8fdccb0246ef65e35b012030defb0e0eba2cbbbe948/pandas-2.3.3-cp314-cp314-win_amd64.whl", hash = "sha256:1b07204a219b3b7350abaae088f451860223a52cfb8a6c53358e7948735158e5", size = 11109071, upload-time = "2025-09-29T23:32:27.484Z" },
    { url = "https://files.pythonhosted.org/packages/89/9c/0e21c895c38a157e0faa1fb64587a9226d6dd46452cac4532d80c3c4a244/pandas-2.3.3-cp314-cp314t-macosx_10_13_x86_64.whl", hash = "sha256:2462b1a365b6109d275250baaae7b760fd25c726aaca0054649286bcfbb3e8ec", size = 12048504, upload-time = "2025-09-29T23:29:31.47Z" },
    { url = "https://files.pythonhosted.org/packages/d7/82/b69a1c95df796858777b68fbe6a81d37443a33319761d7c652ce77797475/pandas-2.3.3-cp314-cp314t-macosx_11_0_arm64.whl", hash = "sha256:0242fe9a49aa8b4d78a4fa03acb397a58833ef6199e9aa40a95f027bb3a1b6e7", size = 11410702, upload-time = "2025-09-29T23:29:54.591Z" },
    { url = "https://files.pythonhosted.org/packages/f9/88/702bde3ba0a94b8c73a0181e05144b10f13f29ebfc2150c3a79062a8195d/pandas-2.3.3-cp314-cp314t-manylinux_2_24_aarch64.manylinux_2_28_aarch64.whl", hash = "sha256:a21d830e78df0a515db2b3d2f5570610f5e6bd2e27749770e8bb7b524b89b450", size = 11634535, upload-time = "2025-09-29T23:30:21.003Z" },
    { url = "https://files.pythonhosted.org/packages/a4/1e/1bac1a839d12e6a82ec6cb40cda2edde64a2013a66963293696bbf31fbbb/pandas-2.3.3-cp314-cp314t-manylinux_2_24_x86_64.manylinux_2_28_x86_64.whl", hash = "sha256:2e3ebdb170b5ef78f19bfb71b0dc5dc58775032361fa188e814959b74d726dd5", size = 12121582, upload-time = "2025-09-29T23:30:43.391Z" },
    { url = "https://files.pythonhosted.org/packages/44/91/483de934193e12a3b1d6ae7c8645d083ff88dec75f46e827562f1e4b4da6/pandas-2.3.3-cp314-cp314t-musllinux_1_2_aarch64.whl", hash = "sha256:d051c0e065b94b7a3cea50eb1ec32e912cd96dba41647eb24104b6c6c14c5788", size = 12699963, upload-time = "2025-09-29T23:31:10.009Z" },
    { url = "https://files.pythonhosted.org/packages/70/44/5191d2e4026f86a2a109053e194d3ba7a31a2d10a9c2348368c63ed4e85a/pandas-2.3.3-cp314-cp314t-musllinux_1_2_x86_64.whl", hash = "sha256:3869faf4bd07b3b66a9f462417d0ca3a9df29a9f6abd5d0d0dbab15dac7abe87", size = 13202175, upload-time = "2025-09-29T23:31:59.173Z" },
]

[[package]]
name = "py4j"
version = "0.10.9.9"
source = { registry = "https://pypi.org/simple" }
sdist = { url = "https://files.pythonhosted.org/packages/38/31/0b210511177070c8d5d3059556194352e5753602fa64b85b7ab81ec1a009/py4j-0.10.9.9.tar.gz", hash = "sha256:f694cad19efa5bd1dee4f3e5270eb406613c974394035e5bfc4ec1aba870b879", size = 761089, upload-time = "2025-01-15T03:53:18.624Z" }
wheels = [
    { url = "https://files.pythonhosted.org/packages/bd/db/ea0203e495be491c85af87b66e37acfd3bf756fd985f87e46fc5e3bf022c/py4j-0.10.9.9-py2.py3-none-any.whl", hash = "sha256:c7c26e4158defb37b0bb124933163641a2ff6e3a3913f7811b0ddbe07ed61533", size = 203008, upload-time = "2025-01-15T03:53:15.648Z" },
]

[[package]]
name = "pyarrow"
version = "25.0.1"
source = { registry = "https://pypi.org/simple" }
sdist = { url = "https://files.pythonhosted.org/packages/3d/e3/27f57f80141379d60defe6703eb50a707325706f07fedfd1312c7a751995/pyarrow-25.0.1.tar.gz", hash = "sha256:9150a83248bfed9813ea3c3af74c3856c1984d444aa28e58bf7733b9750ddf6a", size = 1201653, upload-time = "2026-08-10T12:40:53.904Z" }
wheels = [
    { url = "https://files.pythonhosted.org/packages/36/4c/b525824ad3094076919273cd97db61fb3d78252dee76fa3b8dc8f76774aa/pyarrow-25.0.1-cp314-cp314-macosx_12_0_arm64.whl", hash = "sha256:bf0b672390cdcb640d7288f96b826d71ff4e9abb254a86c89890baf51a29cee6", size = 35885255, upload-time = "2026-08-10T12:39:32.366Z" },
    { url = "https://files.pythonhosted.org/packages/08/62/448bb0e940de41aec31d1a956e63ad9c54afdf122a103cc3ab20c2a3ce33/pyarrow-25.0.1-cp314-cp314-macosx_12_0_x86_64.whl", hash = "sha256:38a9a4b4b9613380e200641891495a56c3d5a98a092db4a870af9975e220471d", size = 37644461, upload-time = "2026-08-10T12:39:38.142Z" },
    { url = "https://files.pythonhosted.org/packages/6e/9a/13587e38bd4806fd218f50fd13b8903fab60588a699ff0c406372e5b4043/pyarrow-25.0.1-cp314-cp314-manylinux_2_28_aarch64.whl", hash = "sha256:0b726ad7e7b669be982b0c71c07fe4b037d654354130da79a7902a669e93a66b", size = 46877146, upload-time = "2026-08-10T12:39:43.722Z" },
    { url = "https://files.pythonhosted.org/packages/8d/61/1c5d1229fa21da4cff5365e41e57177aaac57c563c727f35419b8513d1c1/pyarrow-25.0.1-cp314-cp314-manylinux_2_28_x86_64.whl", hash = "sha256:9171748cdf796972d85a4b60157c279913e242992e350c90c7450182a9838b2a", size = 50131616, upload-time = "2026-08-10T12:39:49.304Z" },
    { url = "https://files.pythonhosted.org/packages/43/20/291e1d65cc0b09aa19f03cf25cf51a2f5fa94b5db315178f2d254ed5cad4/pyarrow-25.0.1-cp314-cp314-musllinux_1_2_aarch64.whl", hash = "sha256:b7a296aac7a71fa0886c08e155ddb6c636a50013f801f6178daafa0f9e726188", size = 50008879, upload-time = "2026-08-10T12:39:56.891Z" },
    { url = "https://files.pythonhosted.org/packages/8b/7c/1b7c9ec28e76576337e4f97b31141c9a181b89b6d1d6221e9d8205621a58/pyarrow-25.0.1-cp314-cp314-musllinux_1_2_x86_64.whl", hash = "sha256:0fe7c8b6c03969b49c8c66182e4a18e3819ab92d07cfab5d8370c531b9369ef0", size = 53170864, upload-time = "2026-08-10T12:40:04.918Z" },
    { url = "https://files.pythonhosted.org/packages/b7/75/f3d789dc06011a765d14d86bda799cf72ac1d715b6a6edecaa0d73d95062/pyarrow-25.0.1-cp314-cp314-win_amd64.whl", hash = "sha256:f729cfdbd36fd99d543b67a914d2de044c84ebe45be8b34902b299b608c15c8f", size = 28620729, upload-time = "2026-08-10T12:40:51.41Z" },
    { url = "https://files.pythonhosted.org/packages/fc/05/647a8ee6f7c2662feb6921315617bc04dcd6034763fb61b1199720bf6162/pyarrow-25.0.1-cp314-cp314t-macosx_12_0_arm64.whl", hash = "sha256:59a2de54c0cbd954da861eee4d1d330f8e909c45b53455baef696380f2c55033", size = 36130288, upload-time = "2026-08-10T12:40:11.014Z" },
    { url = "https://files.pythonhosted.org/packages/93/f8/c9ee997554d7bea94520667dd1933f109ac1da3ee3556d2b49381e023484/pyarrow-25.0.1-cp314-cp314t-macosx_12_0_x86_64.whl", hash = "sha256:35935cd5de130aa5cf4dea052a63e6bf2e17006c35c3a468194242b9b2bf5956", size = 37762187, upload-time = "2026-08-10T12:40:16.592Z" },
    { url = "https://files.pythonhosted.org/packages/a2/08/a28c01c7fe9e96e8233ce2d13df1d402f4f999f848f51d2daacd6bb4c036/pyarrow-25.0.1-cp314-cp314t-manylinux_2_28_aarch64.whl", hash = "sha256:f3831aaa25c67a99f99dc8b05873cb9d64560390372e2aa197ce9dd4a3f06a44", size = 46888003, upload-time = "2026-08-10T12:40:23.242Z" },
    { url = "https://files.pythonhosted.org/packages/1b/b9/58612e977d28dc58c878448866838369ee8da2f1e7cc8ed2c84b952aafee/pyarrow-25.0.1-cp314-cp314t-manylinux_2_28_x86_64.whl", hash = "sha256:6a1fdfc6659b6b19022f2e50627fb5cf7156a66c46bf4299379955cbe742382a", size = 50079036, upload-time = "2026-08-10T12:40:29.169Z" },
    { url = "https://files.pythonhosted.org/packages/72/13/66e1402dcc860e1dc2760b1e0292c9a569b62b3bccab69def1b3e907d006/pyarrow-25.0.1-cp314-cp314t-musllinux_1_2_aarch64.whl", hash = "sha256:169d3429d5be7c752125890620f75a60776d38b0035eddae939651640822332e", size = 50040226, upload-time = "2026-08-10T12:40:35.186Z" },
    { url = "https://files.pythonhosted.org/packages/78/10/3f1a5497a7ef732ab0f03ecca3e66d89d9c0f57fdc61b4794c456b781f01/pyarrow-25.0.1-cp314-cp314t-musllinux_1_2_x86_64.whl", hash = "sha256:119297a6dc197e45d9c6d4415f7814a67ffa36c180d26f68c154c58067ae782d", size = 53149035, upload-time = "2026-08-10T12:40:41.454Z" },
    { url = "https://files.pythonhosted.org/packages/93/c0/37d4a7e8e2f7a6076283673d5298018ca26478b934c6ee369e10505ab32c/pyarrow-25.0.1-cp314-cp314t-win_amd64.whl", hash = "sha256:4288f27577352d608ca08553b0865e4a9b3aa14820c5d95b53337218d609835b", size = 28753071, upload-time = "2026-08-10T12:40:46.623Z" },
]

[[package]]
name = "pyspark"
version = "4.2.0"
source = { registry = "https://pypi.org/simple" }
dependencies = [
    { name = "py4j" },
]
sdist = { url = "https://files.pythonhosted.org/packages/c3/33/c987434f5d50aa802779a004ca0fd45ee4350caab50554ad7283d5a22b50/pyspark-4.2.0.tar.gz", hash = "sha256:5ad689d53570ee1674193fd4f9bda065f0db3be9363a27d2a3406cc457b70b61", size = 450129423, upload-time = "2026-07-14T22:16:46Z" }

[[package]]
name = "python-dateutil"
version = "2.9.0.post0"
source = { registry = "https://pypi.org/simple" }
dependencies = [
    { name = "six" },
]
sdist = { url = "https://files.pythonhosted.org/packages/66/c0/0c8b6ad9f17a802ee498c46e004a0eb49bc148f2fd230864601a86dcf6db/python-dateutil-2.9.0.post0.tar.gz", hash = "sha256:37dd54208da7e1cd875388217d5e00ebd4179249f90fb72437e91a35459a0ad3", size = 342432, upload-time = "2024-03-01T18:36:20.211Z" }
wheels = [
    { url = "https://files.pythonhosted.org/packages/ec/57/56b9bcc3c9c6a792fcbaf139543cee77261f3651ca9da0c93f5c1221264b/python_dateutil-2.9.0.post0-py2.py3-none-any.whl", hash = "sha256:a8b2bc7bffae282281c8140a97d3aa9c14da0b136dfe83f850eea9a5f7470427", size = 229892, upload-time = "2024-03-01T18:36:18.57Z" },
]

[[package]]
name = "python-levenshtein"
version = "0.27.4"
source = { registry = "https://pypi.org/simple" }
dependencies = [
    { name = "levenshtein" },
]
sdist = { url = "https://files.pythonhosted.org/packages/8a/ad/699b3167c0e30d582837dfa2a70fb8cf4c986bec416d3f081d37d3d8b08f/python_levenshtein-0.27.4.tar.gz", hash = "sha256:0ae9deae0b0cdf4439bcc39d1408de1fb663aa3632a00264e9b2ff8ea878b38c", size = 9355, upload-time = "2026-08-08T20:34:21.728Z" }
wheels = [
    { url = "https://files.pythonhosted.org/packages/c0/76/a14c46a124ec1cb731087d05e85dfdd09835a297473e6de52a049dbb8f2c/python_levenshtein-0.27.4-py3-none-any.whl", hash = "sha256:cf956834cffa7690e2242eec385b77805fe256d164015583ba45649dc75144e1", size = 9501, upload-time = "2026-08-08T20:34:20.855Z" },
]

[[package]]
name = "pytz"
version = "2026.3.post1"
source = { registry = "https://pypi.org/simple" }
sdist = { url = "https://files.pythonhosted.org/packages/fb/48/fb042503b6ca6cd271261dc559fd6432f7d8c713153e9ec5c591af4dfc1c/pytz-2026.3.post1.tar.gz", hash = "sha256:2211d3fcf9a797d3405cac96ac7f61d80e6a644f72a3309607282fe8a2010c5d", size = 319745, upload-time = "2026-07-25T15:12:07.385Z" }
wheels = [
    { url = "https://files.pythonhosted.org/packages/0f/7b/39c34ca613b0b198cb866466651b26b045e2009864c5183c979a3b83f383/pytz-2026.3.post1-py2.py3-none-any.whl", hash = "sha256:dd95840dd199baea12d9cc096a1d452caa6596a1c1e4b5f3dbd1541855d5e815", size = 508283, upload-time = "2026-07-25T15:12:05.782Z" },
]

[[package]]
name = "rapidfuzz"
version = "3.14.6"
source = { registry = "https://pypi.org/simple" }
sdist = { url = "https://files.pythonhosted.org/packages/18/97/226c43b7b5d957bc3840ed52ea99eed261f99834c4619be7a4742cbaeafa/rapidfuzz-3.14.6.tar.gz", hash = "sha256:e13a8160d017b499ec7a2fa9d0ce1ae2e7377080815785819f966fb235d4eb60", size = 57955060, upload-time = "2026-08-30T21:45:51.097Z" }
wheels = [
    { url = "https://files.pythonhosted.org/packages/67/9e/8f862d2c8d80ee02633f1c9ce3e5121ce955e61efae24a61a05dd8a55fef/rapidfuzz-3.14.6-cp314-cp314-macosx_10_15_x86_64.whl", hash = "sha256:0f8d6718e7edacdb16455c0472e7552fd518decb91e91250c58784fd6163f54f", size = 1964420, upload-time = "2026-08-30T21:43:26.328Z" },
    { url = "https://files.pythonhosted.org/packages/3e/28/282e8c76b7dcc91e8f5aa1a594168d2136639f29dfda11384c6d36aabca0/rapidfuzz-3.14.6-cp314-cp314-macosx_11_0_arm64.whl", hash = "sha256:8fa7d45388dec34a86038f2a38380f4922b74b5dd8991247f629a531178db10f", size = 1246072, upload-time = "2026-08-30T21:43:28.475Z" },
    { url = "https://files.pythonhosted.org/packages/4b/ae/8e0f714c55180667d66346e46a3d680dd9809bcee1c5f03557a58b4f2ef6/rapidfuzz-3.14.6-cp314-cp314-manylinux_2_26_aarch64.manylinux_2_28_aarch64.whl", hash = "sha256:760ee152af5e8b4d241a469f933ba2d7215248618ae19770fec7d80d9e149db6", size = 1381829, upload-time = "2026-08-30T21:43:30.67Z" },
    { url = "https://files.pythonhosted.org/packages/eb/9a/4a106d68033a81c24ab71129e3016cc6a27a668f30f436e729cae79048e5/rapidfuzz-3.14.6-cp314-cp314-manylinux_2_26_ppc64le.manylinux_2_28_ppc64le.whl", hash = "sha256:dbe3378db3ae0453accf6196e2ed943f43d416cfacdcb8883db105bc14a0130f", size = 1676195, upload-time = "2026-08-30T21:43:32.862Z" },
    { url = "https://files.pythonhosted.org/packages/6e/f0/b456a74d8e33051b76b3f156cf4d55f717614d68b44b6312ae1f5d85b31d/rapidfuzz-3.14.6-cp314-cp314-manylinux_2_26_s390x.manylinux_2_28_s390x.whl", hash = "sha256:9ddb0ddf3ee616fdc066add4ef05639c5cf59b58d83779b6023488e5435f6191", size = 2714364, upload-time = "2026-08-30T21:43:35.003Z" },
    { url = "https://files.pythonhosted.org/packages/6d/56/1203b46cedefc3f0c16e10d87123fdd4ec0f2e209f65cd2bf221ec669217/rapidfuzz-3.14.6-cp314-cp314-manylinux_2_27_x86_64.manylinux_2_28_x86_64.whl", hash = "sha256:08bc63b88048376114d1e66cf8fa6926495d03bb873eb87854fa74cf6848a70b", size = 3167618, upload-time = "2026-08-30T21:43:37.625Z" },
    { url = "https://files.pythonhosted.org/packages/57/17/fa4a0853979b885ff27488d9b80e7c5c985dfed74c5021ea95a3b54ddfad/rapidfuzz-3.14.6-cp314-cp314-manylinux_2_39_riscv64.whl", hash = "sha256:50cd6718bcda7ec5293635a9d0b3fb5906251013d3b99ca403ba9dfa8965f661", size = 1471360, upload-time = "2026-08-30T21:43:39.852Z" },
    { url = "https://files.pythonhosted.org/packages/7d/f2/757615ab88f7922b4477f9c93356c4512d744ea042e3e2b41554aab5ec1e/rapidfuzz-3.14.6-cp314-cp314-musllinux_1_2_aarch64.whl", hash = "sha256:63b0e84faec3c5706cae8ae51246ff103407d54efa32a615a548b7b67392ebcf", size = 2403946, upload-time = "2026-08-30T21:43:42.038Z" },
    { url = "https://files.pythonhosted.org/packages/8f/c3/1c2670ff528f7e625d7b552e7ebccd5c4dfdcb84dc08ee85d1bcc0cf1465/rapidfuzz-3.14.6-cp314-cp314-musllinux_1_2_ppc64le.whl", hash = "sha256:9080a730fdcf3cb8a07464c90f9cf40c1b4ffc73a8375b56a8898aba619dda30", size = 2793123, upload-time = "2026-08-30T21:43:44.438Z" },
    { url = "https://files.pythonhosted.org/packages/5d/92/a01444687bb9a5a2679aa71325c227760e9c475cd02054b45fd8b219cb0c/rapidfuzz-3.14.6-cp314-cp314-musllinux_1_2_riscv64.whl", hash = "sha256:178557c7a50c8c8d65369ede7f3d845bf23590a951c9a368caf166b105d58cf3", size = 2507361, upload-time = "2026-08-30T21:43:46.568Z" },
    { url = "https://files.pythonhosted.org/packages/98/90/43d80ba73fd297c744f7fe0a949af2a610b4b9be96688799c3e73d002b13/rapidfuzz-3.14.6-cp314-cp314-musllinux_1_2_s390x.whl", hash = "sha256:44f1cddbc2010700e2d88063d0ab64183efe2578d9b52770ce1cd283dda230c5", size = 3304287, upload-time = "2026-08-30T21:43:48.966Z" },
    { url = "https://files.pythonhosted.org/packages/5d/e9/fd9a160699b72b6857551642fe109a1d0a86b06b7ecc0d2b4bbecbc6b61b/rapidfuzz-3.14.6-cp314-cp314-musllinux_1_2_x86_64.whl", hash = "sha256:17081a0e904c12bb4ed49619a2bbb6528f6af00fe850e7ace22487bfd2aea455", size = 4273338, upload-time = "2026-08-30T21:43:51.574Z" },
    { url = "https://files.pythonhosted.org/packages/d0/72/3bc42217fadd07ea0ff9d249cc8001d6f285197c253db95d3a03aac8c254/rapidfuzz-3.14.6-cp314-cp314-win32.whl", hash = "sha256:9e00c8c9500aacbc0c52b66369f54533ecbdcb92e5aa87e160fc8e293000a696", size = 1927357, upload-time = "2026-08-30T21:43:53.851Z" },
    { url = "https://files.pythonhosted.org/packages/57/8d/3ea3bf93a2f22858e1b1298126db35cbf58592d05571ca757f2f16071b17/rapidfuzz-3.14.6-cp314-cp314-win_amd64.whl", hash = "sha256:41ee893c4d7d0fb1844f6cad966540a833784b3bad2c239a0d80195d9231cef4", size = 1783090, upload-time = "2026-08-30T21:43:56.202Z" },
    { url = "https://files.pythonhosted.org/packages/13/17/4add9d94236b37b6f857a3bf34d696b32304e3debc6830584fda95413ac6/rapidfuzz-3.14.6-cp314-cp314-win_arm64.whl", hash = "sha256:10576c39fe6a49fad0bf1069371a77300ce166a3f36d2900d2d0bae08f297104", size = 1221915, upload-time = "2026-08-30T21:43:58.335Z" },
    { url = "https://files.pythonhosted.org/packages/23/a4/af0509bffac37645841e2a6b55a4c6c46f7b2fc0757610b0cba0cbcfa900/rapidfuzz-3.14.6-cp314-cp314t-macosx_10_15_x86_64.whl", hash = "sha256:1b0a9546a7328d3cfc2f1385501db7c4c374fb566dc1a3b22ad56092846c0134", size = 1994141, upload-time = "2026-08-30T21:44:00.931Z" },
    { url = "https://files.pythonhosted.org/packages/67/da/d46da45e393937509111d4affa4db794fb064341735cfdcffe1f5f13a78a/rapidfuzz-3.14.6-cp314-cp314t-macosx_11_0_arm64.whl", hash = "sha256:9989280902b9c4ecf7de95fbb906e94df0d8c047290ed315c7aa1760cec9b3de", size = 1279969, upload-time = "2026-08-30T21:44:03.253Z" },
    { url = "https://files.pythonhosted.org/packages/4a/8a/1db5582d5c9684c57b1e292dc88d70177233b570e684fe30736140697658/rapidfuzz-3.14.6-cp314-cp314t-manylinux_2_26_aarch64.manylinux_2_28_aarch64.whl", hash = "sha256:fc166efa4ca2fc9cc52e43784a54cbea95fc0e03e533f8266ef66b1c04c7cb76", size = 1381099, upload-time = "2026-08-30T21:44:05.402Z" },
    { url = "https://files.pythonhosted.org/packages/06/9b/a9dba69d174b4436c115fcd877a67745d355a859109e0f59955c14577519/rapidfuzz-3.14.6-cp314-cp314t-manylinux_2_26_ppc64le.manylinux_2_28_ppc64le.whl", hash = "sha256:32352a3ed1aad9c097d31fd4f2eece3030169e2de3dedde7a2fadc2652b768ad", size = 1638869, upload-time = "2026-08-30T21:44:07.51Z" },
    { url = "https://files.pythonhosted.org/packages/61/34/67915218f5f84ec2cda57560d81425929b8ea97956eb31283bf95768fefc/rapidfuzz-3.14.6-cp314-cp314t-manylinux_2_26_s390x.manylinux_2_28_s390x.whl", hash = "sha256:ecb45d616002751b58914d5b7c2e66acd39e12242be12717a1258148a1b36526", size = 2687831, upload-time = "2026-08-30T21:44:09.709Z" },
    { url = "https://files.pythonhosted.org/packages/5e/80/07985e10b534dbdd48df0ddf2e42f9d27cf98dc44e09fe047fc4b38471f5/rapidfuzz-3.14.6-cp314-cp314t-manylinux_2_27_x86_64.manylinux_2_28_x86_64.whl", hash = "sha256:6f9ad513e3a3e045b60b421d5cd3887ae0a33b38fc6c6db3ea5e27c0a2e0412c", size = 3185373, upload-time = "2026-08-30T21:44:12.162Z" },
    { url = "https://files.pythonhosted.org/packages/91/09/db64291ce5f11c0f79486b435b49f5dc66680f605077cb011d282bf767b4/rapidfuzz-3.14.6-cp314-cp314t-manylinux_2_39_riscv64.whl", hash = "sha256:f35723caef8cc31b6f34209708fb172fc88bab0077c12e9b36bbb829baaf1b16", size = 1459628, upload-time = "2026-08-30T21:44:14.427Z" },
    { url = "https://files.pythonhosted.org/packages/d0/99/7eeaf6f7f42d4ec8b90db54c73f7c2a727e208b4db6fd5ea807e87133b9c/rapidfuzz-3.14.6-cp314-cp314t-musllinux_1_2_aarch64.whl", hash = "sha256:408b2e8e8c1ac71b57f0923cf964d6932539725e07b69e70ec66f22c4a403891", size = 2407348, upload-time = "2026-08-30T21:44:16.832Z" },
    { url = "https://files.pythonhosted.org/packages/19/bb/db04caff7bf26718e97592f8cc007988ef18eb088ebb0742addcb25f0819/rapidfuzz-3.14.6-cp314-cp314t-musllinux_1_2_ppc64le.whl", hash = "sha256:5667c56fdc902fa1e12449b5c042e8b1c7e9b30040db20c396fbdb3d0a750866", size = 2758630, upload-time = "2026-08-30T21:44:19.196Z" },
    { url = "https://files.pythonhosted.org/packages/3f/26/962fc396a56ec37146eb5331e55ae53d19dc564fd921f49a6d524c83ee05/rapidfuzz-3.14.6-cp314-cp314t-musllinux_1_2_riscv64.whl", hash = "sha256:76a122fc573df603deb5fb827df31bb5efbd0826b50bb7aeca8535a6e8c70cf9", size = 2494519, upload-time = "2026-08-30T21:44:21.687Z" },
    { url = "https://files.pythonhosted.org/packages/83/0f/d2067e23d9b7fb2aeb70a6b36173f0b2376635483f670aa5c47f17e55135/rapidfuzz-3.14.6-cp314-cp314t-musllinux_1_2_s390x.whl", hash = "sha256:e221366e24709b9d41d5f9cc99053b04cfc575d429e956a82cfbc4c4e9e8860a", size = 3262241, upload-time = "2026-08-30T21:44:24.218Z" },
    { url = "https://files.pythonhosted.org/packages/ce/bd/05e48e21b1dd722b41c0cb8ab8867996f6e0c0a1b46e42921ace09799b0c/rapidfuzz-3.14.6-cp314-cp314t-musllinux_1_2_x86_64.whl", hash = "sha256:36710ff214b7a8049d26a9c81d99948026593cacb47663742c4119072b651ecd", size = 4296246, upload-time = "2026-08-30T21:44:26.911Z" },
    { url = "https://files.pythonhosted.org/packages/12/ce/f4b355f05b17bdb3a56f1c5e9bd864965dbb810f93d1b5d6044ecfcbd42d/rapidfuzz-3.14.6-cp314-cp314t-win32.whl", hash = "sha256:66ece6f5e2586c742fc3e0b8487e06783d27c6c24adcdcfdd7f306afbd8b5737", size = 1977694, upload-time = "2026-08-30T21:44:29.431Z" },
    { url = "https://files.pythonhosted.org/packages/4a/15/d2c20c57b357ec4157e74a197b3f622dbda0b2a82d1fc708ed7b262758f9/rapidfuzz-3.14.6-cp314-cp314t-win_amd64.whl", hash = "sha256:cab4a932cec02d09471e2c9f1434049ef5bfe1f6e646ff10939c222dc610ad60", size = 1827262, upload-time = "2026-08-30T21:44:31.683Z" },
    { url = "https://files.pythonhosted.org/packages/15/e5/c38c19fbc1de82980e05bd3adbe1dc7f3dd0680e38e868646082317572d6/rapidfuzz-3.14.6-cp314-cp314t-win_arm64.whl", hash = "sha256:b056ce19eaea2ea70c6a6fb387a605ca2af8979de5b9d507597e8012820ddb14", size = 1245604, upload-time = "2026-08-30T21:44:34.066Z" },
]

[[package]]
name = "ruff"
version = "0.16.6"
source = { registry = "https://pypi.org/simple" }
sdist = { url = "https://files.pythonhosted.org/packages/a4/7c/6adb35d70e7c027e308274557901c7e00fb3407750faf3620c184ae058cb/ruff-0.16.6.tar.gz", hash = "sha256:dcf8a73d2ff77e99dde91244b4da16feba7f14e6beeb4015dee7c5a909e99050", size = 4921251, upload-time = "2026-09-03T16:57:29.037Z" }
wheels = [
    { url = "https://files.pythonhosted.org/packages/a4/28/9cc1b79639e284ec103f43c88c644db4eb58cbd0ea1ca11f1193435369ac/ruff-0.16.6-py3-none-linux_armv6l.whl", hash = "sha256:61c368c26bf8e973e5ab14a2772de587bc068ea3f9a277f673380749b4898fb8", size = 10015638, upload-time = "2026-09-03T16:56:40.986Z" },
    { url = "https://files.pythonhosted.org/packages/71/11/627d342ef727ea7794edf74fe23d60a074b02c3acc2e9436684e782286ca/ruff-0.16.6-py3-none-macosx_10_12_x86_64.whl", hash = "sha256:ecf4f068e2e123e43a26e9db4e19524cc56563912404e83bbfca375757e45a32", size = 10220762, upload-time = "2026-09-03T16:56:44.681Z" },
    { url = "https://files.pythonhosted.org/packages/43/d9/b75668ce41e4c8d073d18d6d08672ba6906ce45d5c06ea4fdb2e84ce3853/ruff-0.16.6-py3-none-macosx_11_0_arm64.whl", hash = "sha256:99b62ea33baf130f50368798d841f0d95527b6d817bf31817b65dd058f1d314c", size = 9835082, upload-time = "2026-09-03T16:56:47.142Z" },
    { url = "https://files.pythonhosted.org/packages/99/97/123ab10b05cde889c107c20f5a9774955104b5552796a2a8584b089ae8eb/ruff-0.16.6-py3-none-manylinux_2_17_aarch64.manylinux2014_aarch64.whl", hash = "sha256:7fbf89013f2bb3f6835a6038ff658dc8a1b38c98dc8e724b964168ad4e881876", size = 9949304, upload-time = "2026-09-03T16:56:49.813Z" },
    { url = "https://files.pythonhosted.org/packages/3e/58/a4a2c59dd2e5b85929c912d9cac3056eb9ee8c7e75e9b9fe3e109174966b/ruff-0.16.6-py3-none-manylinux_2_17_armv7l.manylinux2014_armv7l.whl", hash = "sha256:56a67065e22efa6bc4d498299d3bb06c0c90aace8fac2068b5a12f9dc4d8d51d", size = 9840612, upload-time = "2026-09-03T16:56:52.368Z" },
    { url = "https://files.pythonhosted.org/packages/61/6a/ff8c8626a786c4f49d48ced4a752dadbca65f5263005f9c2416578194694/ruff-0.16.6-py3-none-manylinux_2_17_i686.manylinux2014_i686.whl", hash = "sha256:e25cc89174874b176a157e4428d66761c2c0c006654419bf384f967f361ff1b1", size = 10543465, upload-time = "2026-09-03T16:56:55.089Z" },
    { url = "https://files.pythonhosted.org/packages/ad/bb/c47535923365f337b82e28192e4e9eef2176511007cfd99a62fc22df5dad/ruff-0.16.6-py3-none-manylinux_2_17_ppc64le.manylinux2014_ppc64le.whl", hash = "sha256:0700580ed5303723cb3c11c2f1d2a8913ce77b7ea86646dddb887f5417a9ba70", size = 11267576, upload-time = "2026-09-03T16:56:57.791Z" },
    { url = "https://files.pythonhosted.org/packages/ba/50/e5119a5212b5cd63b51e1f4b25e7bd636a6668fc069a3160b108ad7e3c16/ruff-0.16.6-py3-none-manylinux_2_17_s390x.manylinux2014_s390x.whl", hash = "sha256:15f1d0b6e165a6e56567befb6629f8209271311d990bae0f37e6d065035ef5f3", size = 10781993, upload-time = "2026-09-03T16:57:00.666Z" },
    { url = "https://files.pythonhosted.org/packages/8b/98/083d8b4ef3c51a0d19db84367791cbe9f44e4b53343d19dfa83556e1cd9a/ruff-0.16.6-py3-none-manylinux_2_17_x86_64.manylinux2014_x86_64.whl", hash = "sha256:d72c591a96986ee4268860e2b7235082129ca5e4cb9cbba653a4b57c11893757", size = 10317748, upload-time = "2026-09-03T16:57:03.428Z" },
    { url = "https://files.pythonhosted.org/packages/9a/29/68f7ff2c5ad95f19f00627ac2de95644e25fe47371ea60b2db1fd952315e/ruff-0.16.6-py3-none-manylinux_2_31_riscv64.whl", hash = "sha256:65a006baa18f33324325814c864daef03541d51564b98c517610ea756ab7003e", size = 10540096, upload-time = "2026-09-03T16:57:06.182Z" },
    { url = "https://files.pythonhosted.org/packages/c4/f9/79a8f6de85968641d68a7863aeec577551924ef066a990a48ff93167beab/ruff-0.16.6-py3-none-musllinux_1_2_aarch64.whl", hash = "sha256:cd02a7bf1a21a8735228a3e8c95a9dc5cf86bd2a52194f4aaae2a5755b4de0f4", size = 10100494, upload-time = "2026-09-03T16:57:09.194Z" },
    { url = "https://files.pythonhosted.org/packages/d9/e8/b81a22d9b90c00b892ccf2fa2ac36fa95de4c13ab85aea3e73795cfe4651/ruff-0.16.6-py3-none-musllinux_1_2_armv7l.whl", hash = "sha256:31b36f1e5ad85e0737f09d2be4e512e2e283583c14015da3b9dc07359ac0fc88", size = 9843663, upload-time = "2026-09-03T16:57:12.168Z" },
    { url = "https://files.pythonhosted.org/packages/39/aa/54f516ec5e5a11c4afdceb1c454ebb054ffb96e4f4a1705580b4346abd35/ruff-0.16.6-py3-none-musllinux_1_2_i686.whl", hash = "sha256:61029b4ab4aa723fd3064fab96b1d814492596bf0c792679fffcbde1e1679953", size = 10282461, upload-time = "2026-09-03T16:57:15.077Z" },
    { url = "https://files.pythonhosted.org/packages/52/0b/38d0aa8aa32372b96dc44f97b22e576c4147808271aab7b2cb1e353d4445/ruff-0.16.6-py3-none-musllinux_1_2_x86_64.whl", hash = "sha256:9ac8998457832c2061709d900856b7ad271dace0cb41f346588d540162bfa718", size = 10728808, upload-time = "2026-09-03T16:57:17.797Z" },
    { url = "https://files.pythonhosted.org/packages/5e/e5/9e274e24eeb027640ffc7442f21239f16d17f47acec15ae34f32e03a5c79/ruff-0.16.6-py3-none-win32.whl", hash = "sha256:0b87d9d16fcb63e8018423ca1d50b7260f15cb2da33e30db4baad4183a948c25", size = 10049212, upload-time = "2026-09-03T16:57:20.55Z" },
    { url = "https://files.pythonhosted.org/packages/22/31/72472449414223ed1a2da236b992adbb1a2ae59e34794574810f60ce068e/ruff-0.16.6-py3-none-win_amd64.whl", hash = "sha256:10d21c51c3495d8eaea7b703a16592117ea6eb1d649e36335aa965ff1173eb39", size = 10556402, upload-time = "2026-09-03T16:57:23.501Z" },
    { url = "https://files.pythonhosted.org/packages/fc/07/d781f8f8e1ac24bef9f3269cf62ffb1407ca24c3a8f12e5e22874f90528c/ruff-0.16.6-py3-none-win_arm64.whl", hash = "sha256:7a976c79b958f94e50a022a19f0f8c87387448020935ec14fc74331bd0a7f2c5", size = 10412850, upload-time = "2026-09-03T16:57:26.416Z" },
]

[[package]]
name = "six"
version = "1.17.0"
source = { registry = "https://pypi.org/simple" }
sdist = { url = "https://files.pythonhosted.org/packages/94/e7/b2c673351809dca68a0e064b6af791aa332cf192da575fd474ed7d6f16a2/six-1.17.0.tar.gz", hash = "sha256:ff70335d468e7eb6ec65b95b99d3a2836546063f63acc5171de367e834932a81", size = 34031, upload-time = "2024-12-04T17:35:28.174Z" }
wheels = [
    { url = "https://files.pythonhosted.org/packages/b7/ce/149a00dd41f10bc29e5921b496af8b574d8413afcd5e30dfa0ed46c2cc5e/six-1.17.0-py2.py3-none-any.whl", hash = "sha256:4721f391ed90541fddacab5acf947aa0d3dc7d27b2e1e8eda2be8970586c3274", size = 11050, upload-time = "2024-12-04T17:35:26.475Z" },
]

[[package]]
name = "thefuzz"
version = "0.22.1"
source = { registry = "https://pypi.org/simple" }
dependencies = [
    { name = "rapidfuzz" },
]
sdist = { url = "https://files.pythonhosted.org/packages/81/4b/d3eb25831590d6d7d38c2f2e3561d3ba41d490dc89cd91d9e65e7c812508/thefuzz-0.22.1.tar.gz", hash = "sha256:7138039a7ecf540da323792d8592ef9902b1d79eb78c147d4f20664de79f3680", size = 19993, upload-time = "2024-01-19T19:18:23.135Z" }
wheels = [
    { url = "https://files.pythonhosted.org/packages/82/4f/1695e70ceb3604f19eda9908e289c687ea81c4fecef4d90a9d1d0f2f7ae9/thefuzz-0.22.1-py3-none-any.whl", hash = "sha256:59729b33556850b90e1093c4cf9e618af6f2e4c985df193fdf3c5b5cf02ca481", size = 8245, upload-time = "2024-01-19T19:18:20.362Z" },
]

[[package]]
name = "tzdata"
version = "2026.3"
source = { registry = "https://pypi.org/simple" }
sdist = { url = "https://files.pythonhosted.org/packages/92/ff/5a28bdfd8c3ebec42564ac7d0e54ca3db65044a9314a97f9564fa7a1e926/tzdata-2026.3.tar.gz", hash = "sha256:4a1518b8993086a7982523e071643f3c0e5f213e75b21318e78bcabfff9d1415", size = 198674, upload-time = "2026-07-10T08:50:37.887Z" }
wheels = [
    { url = "https://files.pythonhosted.org/packages/e5/6d/b53b99a9f2766d095985947a5782f1702cabb129a34f7a802d7197af832f/tzdata-2026.3-py2.py3-none-any.whl", hash = "sha256:dc096730c87af6cab1b171c9d532be840741ff5d459015e7f6947bd7d7e54931", size = 348168, upload-time = "2026-07-10T08:50:36.46Z" },
]
